// !$*UTF8*$!
{
	archiveVersion = 1;
	classes = {
	};
	objectVersion = 46;
	objects = {

/* Begin PBXBuildFile section */
		AA5864461CE26937005F5D69 /* AppDelegate.swift in Sources */ = {isa = PBXBuildFile; fileRef = AA5864451CE26937005F5D69 /* AppDelegate.swift */; };
		AA5864481CE26937005F5D69 /* FirstViewController.swift in Sources */ = {isa = PBXBuildFile; fileRef = AA5864471CE26937005F5D69 /* FirstViewController.swift */; };
		AA58644A1CE26937005F5D69 /* LocationVC.swift in Sources */ = {isa = PBXBuildFile; fileRef = AA5864491CE26937005F5D69 /* LocationVC.swift */; };
		AA58644D1CE26937005F5D69 /* Main.storyboard in Resources */ = {isa = PBXBuildFile; fileRef = AA58644B1CE26937005F5D69 /* Main.storyboard */; };
		AA58644F1CE26937005F5D69 /* Assets.xcassets in Resources */ = {isa = PBXBuildFile; fileRef = AA58644E1CE26937005F5D69 /* Assets.xcassets */; };
		AA5864521CE26937005F5D69 /* LaunchScreen.storyboard in Resources */ = {isa = PBXBuildFile; fileRef = AA5864501CE26937005F5D69 /* LaunchScreen.storyboard */; };
		AA58645A1CE29B33005F5D69 /* BootcampAnnotation.swift in Sources */ = {isa = PBXBuildFile; fileRef = AA5864591CE29B33005F5D69 /* BootcampAnnotation.swift */; };
/* End PBXBuildFile section */

/* Begin PBXFileReference section */
		AA5864421CE26937005F5D69 /* DevBootCamps.app */ = {isa = PBXFileReference; explicitFileType = wrapper.application; includeInIndex = 0; path = DevBootCamps.app; sourceTree = BUILT_PRODUCTS_DIR; };
		AA5864451CE26937005F5D69 /* AppDelegate.swift */ = {isa = PBXFileReference; lastKnownFileType = sourcecode.swift; path = AppDelegate.swift; sourceTree = "<group>"; };
		AA5864471CE26937005F5D69 /* FirstViewController.swift */ = {isa = PBXFileReference; lastKnownFileType = sourcecode.swift; path = FirstViewController.swift; sourceTree = "<group>"; };
		AA5864491CE26937005F5D69 /* LocationVC.swift */ = {isa = PBXFileReference; lastKnownFileType = sourcecode.swift; path = LocationVC.swift; sourceTree = "<group>"; };
		AA58644C1CE26937005F5D69 /* Base */ = {isa = PBXFileReference; lastKnownFileType = file.storyboard; name = Base; path = Base.lproj/Main.storyboard; sourceTree = "<group>"; };
		AA58644E1CE26937005F5D69 /* Assets.xcassets */ = {isa = PBXFileReference; lastKnownFileType = folder.assetcatalog; path = Assets.xcassets; sourceTree = "<group>"; };
		AA5864511CE26937005F5D69 /* Base */ = {isa = PBXFileReference; lastKnownFileType = file.storyboard; name = Base; path = Base.lproj/LaunchScreen.storyboard; sourceTree = "<group>"; };
		AA5864531CE26937005F5D69 /* Info.plist */ = {isa = PBXFileReference; lastKnownFileType = text.plist.xml; path = Info.plist; sourceTree = "<group>"; };
		AA5864591CE29B33005F5D69 /* BootcampAnnotation.swift */ = {isa = PBXFileReference; fileEncoding = 4; lastKnownFileType = sourcecode.swift; path = BootcampAnnotation.swift; sourceTree = "<group>"; };
/* End PBXFileReference section */

/* Begin PBXFrameworksBuildPhase section */
		AA58643F1CE26937005F5D69 /* Frameworks */ = {
			isa = PBXFrameworksBuildPhase;
			buildActionMask = 2147483647;
			files = (
			);
			runOnlyForDeploymentPostprocessing = 0;
		};
/* End PBXFrameworksBuildPhase section */

/* Begin PBXGroup section */
		AA5864391CE26937005F5D69 = {
			isa = PBXGroup;
			children = (
				AA5864441CE26937005F5D69 /* DevBootCamps */,
				AA5864431CE26937005F5D69 /* Products */,
			);
			sourceTree = "<group>";
		};
		AA5864431CE26937005F5D69 /* Products */ = {
			isa = PBXGroup;
			children = (
				AA5864421CE26937005F5D69 /* DevBootCamps.app */,
			);
			name = Products;
			sourceTree = "<group>";
		};
		AA5864441CE26937005F5D69 /* DevBootCamps */ = {
			isa = PBXGroup;
			children = (
				AA5864451CE26937005F5D69 /* AppDelegate.swift */,
				AA5864471CE26937005F5D69 /* FirstViewController.swift */,
				AA5864591CE29B33005F5D69 /* BootcampAnnotation.swift */,
				AA5864491CE26937005F5D69 /* LocationVC.swift */,
				AA58644B1CE26937005F5D69 /* Main.storyboard */,
				AA58644E1CE26937005F5D69 /* Assets.xcassets */,
				AA5864501CE26937005F5D69 /* LaunchScreen.storyboard */,
				AA5864531CE26937005F5D69 /* Info.plist */,
			);
			path = DevBootCamps;
			sourceTree = "<group>";
		};
/* End PBXGroup section */

/* Begin PBXNativeTarget section */
		AA5864411CE26937005F5D69 /* DevBootCamps */ = {
			isa = PBXNativeTarget;
			buildConfigurationList = AA5864561CE26937005F5D69 /* Build configuration list for PBXNativeTarget "DevBootCamps" */;
			buildPhases = (
				AA58643E1CE26937005F5D69 /* Sources */,
				AA58643F1CE26937005F5D69 /* Frameworks */,
				AA5864401CE26937005F5D69 /* Resources */,
			);
			buildRules = (
			);
			dependencies = (
			);
			name = DevBootCamps;
			productName = DevBootCamps;
			productReference = AA5864421CE26937005F5D69 /* DevBootCamps.app */;
			productType = "com.apple.product-type.application";
		};
/* End PBXNativeTarget section */

/* Begin PBXProject section */
		AA58643A1CE26937005F5D69 /* Project object */ = {
			isa = PBXProject;
			attributes = {
				LastSwiftUpdateCheck = 0730;
				LastUpgradeCheck = 0730;
				ORGANIZATIONNAME = hyunchan;
				TargetAttributes = {
					AA5864411CE26937005F5D69 = {
						CreatedOnToolsVersion = 7.3;
						DevelopmentTeam = 8K4BZB3NVR;
					};
				};
			};
			buildConfigurationList = AA58643D1CE26937005F5D69 /* Build configuration list for PBXProject "DevBootCamps" */;
			compatibilityVersion = "Xcode 3.2";
			developmentRegion = English;
			hasScannedForEncodings = 0;
			knownRegions = (
				en,
				Base,
			);
			mainGroup = AA5864391CE26937005F5D69;
			productRefGroup = AA5864431CE26937005F5D69 /* Products */;
			projectDirPath = "";
			projectRoot = "";
			targets = (
				AA5864411CE26937005F5D69 /* DevBootCamps */,
			);
		};
/* End PBXProject section */

/* Begin PBXResourcesBuildPhase section */
		AA5864401CE26937005F5D69 /* Resources */ = {
			isa = PBXResourcesBuildPhase;
			buildActionMask = 2147483647;
			files = (
				AA5864521CE26937005F5D69 /* LaunchScreen.storyboard in Resources */,
				AA58644F1CE26937005F5D69 /* Assets.xcassets in Resources */,
				AA58644D1CE26937005F5D69 /* Main.storyboard in Resources */,
			);
			runOnlyForDeploymentPostprocessing = 0;
		};
/* End PBXResourcesBuildPhase section */

/* Begin PBXSourcesBuildPhase section */
		AA58643E1CE26937005F5D69 /* Sources */ = {
			isa = PBXSourcesBuildPhase;
			buildActionMask = 2147483647;
			files = (
				AA58644A1CE26937005F5D69 /* LocationVC.swift in Sources */,
				AA5864461CE26937005F5D69 /* AppDelegate.swift in Sources */,
				AA5864481CE26937005F5D69 /* FirstViewController.swift in Sources */,
				AA58645A1CE29B33005F5D69 /* BootcampAnnotation.swift in Sources */,
			);
			runOnlyForDeploymentPostprocessing = 0;
		};
/* End PBXSourcesBuildPhase section */

/* Begin PBXVariantGroup section */
		AA58644B1CE26937005F5D69 /* Main.storyboard */ = {
			isa = PBXVariantGroup;
			children = (
				AA58644C1CE26937005F5D69 /* Base */,
			);
			name = Main.storyboard;
			sourceTree = "<group>";
		};
		AA5864501CE26937005F5D69 /* LaunchScreen.storyboard */ = {
			isa = PBXVariantGroup;
			children = (
				AA5864511CE26937005F5D69 /* Base */,
			);
			name = LaunchScreen.storyboard;
			sourceTree = "<group>";
		};
/* End PBXVariantGroup section */

/* Begin XCBuildConfiguration section */
		AA5864541CE26937005F5D69 /* Debug */ = {
			isa = XCBuildConfiguration;
			buildSettings = {
				ALWAYS_SEARCH_USER_PATHS = NO;
				CLANG_ANALYZER_NONNULL = YES;
				CLANG_CXX_LANGUAGE_STANDARD = "gnu++0x";
				CLANG_CXX_LIBRARY = "libc++";
				CLANG_ENABLE_MODULES = YES;
				CLANG_ENABLE_OBJC_ARC = YES;
				CLANG_WARN_BOOL_CONVERSION = YES;
				CLANG_WARN_CONSTANT_CONVERSION = YES;
				CLANG_WARN_DIRECT_OBJC_ISA_USAGE = YES_ERROR;
				CLANG_WARN_EMPTY_BODY = YES;
				CLANG_WARN_ENUM_CONVERSION = YES;
				CLANG_WARN_INT_CONVERSION = YES;
				CLANG_WARN_OBJC_ROOT_CLASS = YES_ERROR;
				CLANG_WARN_UNREACHABLE_CODE = YES;
				CLANG_WARN__DUPLICATE_METHOD_MATCH = YES;
				"CODE_SIGN_IDENTITY[sdk=iphoneos*]" = "iPhone Developer";
				COPY_PHASE_STRIP = NO;
				DEBUG_INFORMATION_FORMAT = dwarf;
				ENABLE_STRICT_OBJC_MSGSEND = YES;
				ENABLE_TESTABILITY = YES;
				GCC_C_LANGUAGE_STANDARD = gnu99;
				GCC_DYNAMIC_NO_PIC = NO;
				GCC_NO_COMMON_BLOCKS = YES;
				GCC_OPTIMIZATION_LEVEL = 0;
				GCC_PREPROCESSOR_DEFINITIONS = (
					"DEBUG=1",
					"$(inherited)",
				);
				GCC_WARN_64_TO_32_BIT_CONVERSION = YES;
				GCC_WARN_ABOUT_RETURN_TYPE = YES_ERROR;
				GCC_WARN_UNDECLARED_SELECTOR = YES;
				GCC_WARN_UNINITIALIZED_AUTOS = YES_AGGRESSIVE;
				GCC_WARN_UNUSED_FUNCTION = YES;
				GCC_WARN_UNUSED_VARIABLE = YES;
				IPHONEOS_DEPLOYMENT_TARGET = 9.3;
				MTL_ENABLE_DEBUG_INFO = YES;
				ONLY_ACTIVE_ARCH = YES;
				SDKROOT = iphoneos;
				SWIFT_OPTIMIZATION_LEVEL = "-Onone";
				TARGETED_DEVICE_FAMILY = "1,2";
			};
			name = Debug;
		};
		AA5864551CE26937005F5D69 /* Release */ = {
			isa = XCBuildConfiguration;
			buildSettings = {
				ALWAYS_SEARCH_USER_PATHS = NO;
				CLANG_ANALYZER_NONNULL = YES;
				CLANG_CXX_LANGUAGE_STANDARD = "gnu++0x";
				CLANG_CXX_LIBRARY = "libc++";
				CLANG_ENABLE_MODULES = YES;
				CLANG_ENABLE_OBJC_ARC = YES;
				CLANG_WARN_BOOL_CONVERSION = YES;
				CLANG_WARN_CONSTANT_CONVERSION = YES;
				CLANG_WARN_DIRECT_OBJC_ISA_USAGE = YES_ERROR;
				CLANG_WARN_EMPTY_BODY = YES;
				CLANG_WARN_ENUM_CONVERSION = YES;
				CLANG_WARN_INT_CONVERSION = YES;
				CLANG_WARN_OBJC_ROOT_CLASS = YES_ERROR;
				CLANG_WARN_UNREACHABLE_CODE = YES;
				CLANG_WARN__DUPLICATE_METHOD_MATCH = YES;
				"CODE_SIGN_IDENTITY[sdk=iphoneos*]" = "iPhone Developer";
				COPY_PHASE_STRIP = NO;
				DEBUG_INFORMATION_FORMAT = "dwarf-with-dsym";
				ENABLE_NS_ASSERTIONS = NO;
				ENABLE_STRICT_OBJC_MSGSEND = YES;
				GCC_C_LANGUAGE_STANDARD = gnu99;
				GCC_NO_COMMON_BLOCKS = YES;
				GCC_WARN_64_TO_32_BIT_CONVERSION = YES;
				GCC_WARN_ABOUT_RETURN_TYPE = YES_ERROR;
				GCC_WARN_UNDECLARED_SELECTOR = YES;
				GCC_WARN_UNINITIALIZED_AUTOS = YES_AGGRESSIVE;
				GCC_WARN_UNUSED_FUNCTION = YES;
				GCC_WARN_UNUSED_VARIABLE = YES;
				IPHONEOS_DEPLOYMENT_TARGET = 9.3;
				MTL_ENABLE_DEBUG_INFO = NO;
				SDKROOT = iphoneos;
				TARGETED_DEVICE_FAMILY = "1,2";
				VALIDATE_PRODUCT = YES;
			};
			name = Release;
		};
		AA5864571CE26937005F5D69 /* Debug */ = {
			isa = XCBuildConfiguration;
			buildSettings = {
				ASSETCATALOG_COMPILER_APPICON_NAME = AppIcon;
				INFOPLIST_FILE = DevBootCamps/Info.plist;
				LD_RUNPATH_SEARCH_PATHS = "$(inherited) @executable_path/Frameworks";
				PRODUCT_BUNDLE_IDENTIFIER = com.hyunchan.DevBootCamps;
				PRODUCT_NAME = "$(TARGET_NAME)";
			};
			name = Debug;
		};
		AA5864581CE26937005F5D69 /* Release */ = {
			isa = XCBuildConfiguration;
			buildSettings = {
				ASSETCATALOG_COMPILER_APPICON_NAME = AppIcon;
				INFOPLIST_FILE = DevBootCamps/Info.plist;
				LD_RUNPATH_SEARCH_PATHS = "$(inherited) @executable_path/Frameworks";
				PRODUCT_BUNDLE_IDENTIFIER = com.hyunchan.DevBootCamps;
				PRODUCT_NAME = "$(TARGET_NAME)";
			};
			name = Release;
		};
/* End XCBuildConfiguration section */

/* Begin XCConfigurationList section */
		AA58643D1CE26937005F5D69 /* Build configuration list for PBXProject "DevBootCamps" */ = {
			isa = XCConfigurationList;
			buildConfigurations = (
				AA5864541CE26937005F5D69 /* Debug */,
				AA5864551CE26937005F5D69 /* Release */,
			);
			defaultConfigurationIsVisible = 0;
			defaultConfigurationName = Release;
		};
		AA5864561CE26937005F5D69 /* Build configuration list for PBXNativeTarget "DevBootCamps" */ = {
			isa = XCConfigurationList;
			buildConfigurations = (
				AA5864571CE26937005F5D69 /* Debug */,
				AA5864581CE26937005F5D69 /* Release */,
			);
			defaultConfigurationIsVisible = 0;
		};
/* End XCConfigurationList section */
	};
	rootObject = AA58643A1CE26937005F5D69 /* Project object */;
}
