// !$*UTF8*$!
{
	archiveVersion = 1;
	classes = {
	};
	objectVersion = 46;
	objects = {

/* Begin PBXBuildFile section */
		AA28289B1C32113E0047FBD8 /* AppDelegate.swift in Sources */ = {isa = PBXBuildFile; fileRef = AA28289A1C32113E0047FBD8 /* AppDelegate.swift */; };
		AA28289D1C32113E0047FBD8 /* ViewController.swift in Sources */ = {isa = PBXBuildFile; fileRef = AA28289C1C32113E0047FBD8 /* ViewController.swift */; };
		AA2828A01C32113E0047FBD8 /* Main.storyboard in Resources */ = {isa = PBXBuildFile; fileRef = AA28289E1C32113E0047FBD8 /* Main.storyboard */; };
		AA2828A21C32113E0047FBD8 /* Assets.xcassets in Resources */ = {isa = PBXBuildFile; fileRef = AA2828A11C32113E0047FBD8 /* Assets.xcassets */; };
		AA2828A51C32113E0047FBD8 /* LaunchScreen.storyboard in Resources */ = {isa = PBXBuildFile; fileRef = AA2828A31C32113E0047FBD8 /* LaunchScreen.storyboard */; };
		AA2828AD1C324CCE0047FBD8 /* Minecraft.ttf in Resources */ = {isa = PBXBuildFile; fileRef = AA2828AC1C324CCE0047FBD8 /* Minecraft.ttf */; };
		AA2828B31C3267A40047FBD8 /* btn.wav in Resources */ = {isa = PBXBuildFile; fileRef = AA2828B21C3267A40047FBD8 /* btn.wav */; };
/* End PBXBuildFile section */

/* Begin PBXFileReference section */
		AA2828971C32113E0047FBD8 /* retro-calculator.app */ = {isa = PBXFileReference; explicitFileType = wrapper.application; includeInIndex = 0; path = "retro-calculator.app"; sourceTree = BUILT_PRODUCTS_DIR; };
		AA28289A1C32113E0047FBD8 /* AppDelegate.swift */ = {isa = PBXFileReference; lastKnownFileType = sourcecode.swift; path = AppDelegate.swift; sourceTree = "<group>"; };
		AA28289C1C32113E0047FBD8 /* ViewController.swift */ = {isa = PBXFileReference; lastKnownFileType = sourcecode.swift; path = ViewController.swift; sourceTree = "<group>"; };
		AA28289F1C32113E0047FBD8 /* Base */ = {isa = PBXFileReference; lastKnownFileType = file.storyboard; name = Base; path = Base.lproj/Main.storyboard; sourceTree = "<group>"; };
		AA2828A11C32113E0047FBD8 /* Assets.xcassets */ = {isa = PBXFileReference; lastKnownFileType = folder.assetcatalog; path = Assets.xcassets; sourceTree = "<group>"; };
		AA2828A41C32113E0047FBD8 /* Base */ = {isa = PBXFileReference; lastKnownFileType = file.storyboard; name = Base; path = Base.lproj/LaunchScreen.storyboard; sourceTree = "<group>"; };
		AA2828A61C32113E0047FBD8 /* Info.plist */ = {isa = PBXFileReference; lastKnownFileType = text.plist.xml; path = Info.plist; sourceTree = "<group>"; };
		AA2828AC1C324CCE0047FBD8 /* Minecraft.ttf */ = {isa = PBXFileReference; lastKnownFileType = file; path = Minecraft.ttf; sourceTree = "<group>"; };
		AA2828B21C3267A40047FBD8 /* btn.wav */ = {isa = PBXFileReference; lastKnownFileType = audio.wav; path = btn.wav; sourceTree = "<group>"; };
/* End PBXFileReference section */

/* Begin PBXFrameworksBuildPhase section */
		AA2828941C32113E0047FBD8 /* Frameworks */ = {
			isa = PBXFrameworksBuildPhase;
			buildActionMask = 2147483647;
			files = (
			);
			runOnlyForDeploymentPostprocessing = 0;
		};
/* End PBXFrameworksBuildPhase section */

/* Begin PBXGroup section */
		AA28288E1C32113E0047FBD8 = {
			isa = PBXGroup;
			children = (
				AA2828991C32113E0047FBD8 /* retro-calculator */,
				AA2828981C32113E0047FBD8 /* Products */,
			);
			sourceTree = "<group>";
		};
		AA2828981C32113E0047FBD8 /* Products */ = {
			isa = PBXGroup;
			children = (
				AA2828971C32113E0047FBD8 /* retro-calculator.app */,
			);
			name = Products;
			sourceTree = "<group>";
		};
		AA2828991C32113E0047FBD8 /* retro-calculator */ = {
			isa = PBXGroup;
			children = (
				AA2828AC1C324CCE0047FBD8 /* Minecraft.ttf */,
				AA2828B21C3267A40047FBD8 /* btn.wav */,
				AA28289A1C32113E0047FBD8 /* AppDelegate.swift */,
				AA28289C1C32113E0047FBD8 /* ViewController.swift */,
				AA28289E1C32113E0047FBD8 /* Main.storyboard */,
				AA2828A11C32113E0047FBD8 /* Assets.xcassets */,
				AA2828A31C32113E0047FBD8 /* LaunchScreen.storyboard */,
				AA2828A61C32113E0047FBD8 /* Info.plist */,
			);
			path = "retro-calculator";
			sourceTree = "<group>";
		};
/* End PBXGroup section */

/* Begin PBXNativeTarget section */
		AA2828961C32113E0047FBD8 /* retro-calculator */ = {
			isa = PBXNativeTarget;
			buildConfigurationList = AA2828A91C32113E0047FBD8 /* Build configuration list for PBXNativeTarget "retro-calculator" */;
			buildPhases = (
				AA2828931C32113E0047FBD8 /* Sources */,
				AA2828941C32113E0047FBD8 /* Frameworks */,
				AA2828951C32113E0047FBD8 /* Resources */,
			);
			buildRules = (
			);
			dependencies = (
			);
			name = "retro-calculator";
			productName = "retro-calculator";
			productReference = AA2828971C32113E0047FBD8 /* retro-calculator.app */;
			productType = "com.apple.product-type.application";
		};
/* End PBXNativeTarget section */

/* Begin PBXProject section */
		AA28288F1C32113E0047FBD8 /* Project object */ = {
			isa = PBXProject;
			attributes = {
				LastSwiftUpdateCheck = 0720;
				LastUpgradeCheck = 0720;
				ORGANIZATIONNAME = hyunchan;
				TargetAttributes = {
					AA2828961C32113E0047FBD8 = {
						CreatedOnToolsVersion = 7.2;
					};
				};
			};
			buildConfigurationList = AA2828921C32113E0047FBD8 /* Build configuration list for PBXProject "retro-calculator" */;
			compatibilityVersion = "Xcode 3.2";
			developmentRegion = English;
			hasScannedForEncodings = 0;
			knownRegions = (
				en,
				Base,
			);
			mainGroup = AA28288E1C32113E0047FBD8;
			productRefGroup = AA2828981C32113E0047FBD8 /* Products */;
			projectDirPath = "";
			projectRoot = "";
			targets = (
				AA2828961C32113E0047FBD8 /* retro-calculator */,
			);
		};
/* End PBXProject section */

/* Begin PBXResourcesBuildPhase section */
		AA2828951C32113E0047FBD8 /* Resources */ = {
			isa = PBXResourcesBuildPhase;
			buildActionMask = 2147483647;
			files = (
				AA2828B31C3267A40047FBD8 /* btn.wav in Resources */,
				AA2828A51C32113E0047FBD8 /* LaunchScreen.storyboard in Resources */,
				AA2828A21C32113E0047FBD8 /* Assets.xcassets in Resources */,
				AA2828AD1C324CCE0047FBD8 /* Minecraft.ttf in Resources */,
				AA2828A01C32113E0047FBD8 /* Main.storyboard in Resources */,
			);
			runOnlyForDeploymentPostprocessing = 0;
		};
/* End PBXResourcesBuildPhase section */

/* Begin PBXSourcesBuildPhase section */
		AA2828931C32113E0047FBD8 /* Sources */ = {
			isa = PBXSourcesBuildPhase;
			buildActionMask = 2147483647;
			files = (
				AA28289D1C32113E0047FBD8 /* ViewController.swift in Sources */,
				AA28289B1C32113E0047FBD8 /* AppDelegate.swift in Sources */,
			);
			runOnlyForDeploymentPostprocessing = 0;
		};
/* End PBXSourcesBuildPhase section */

/* Begin PBXVariantGroup section */
		AA28289E1C32113E0047FBD8 /* Main.storyboard */ = {
			isa = PBXVariantGroup;
			children = (
				AA28289F1C32113E0047FBD8 /* Base */,
			);
			name = Main.storyboard;
			sourceTree = "<group>";
		};
		AA2828A31C32113E0047FBD8 /* LaunchScreen.storyboard */ = {
			isa = PBXVariantGroup;
			children = (
				AA2828A41C32113E0047FBD8 /* Base */,
			);
			name = LaunchScreen.storyboard;
			sourceTree = "<group>";
		};
/* End PBXVariantGroup section */

/* Begin XCBuildConfiguration section */
		AA2828A71C32113E0047FBD8 /* Debug */ = {
			isa = XCBuildConfiguration;
			buildSettings = {
				ALWAYS_SEARCH_USER_PATHS = NO;
				CLANG_CXX_LANGUAGE_STANDARD = "gnu++0x";
				CLANG_CXX_LIBRARY = "libc++";
				CLANG_ENABLE_MODULES = YES;
				CLANG_ENABLE_OBJC_ARC = YES;
				CLANG_WARN_BOOL_CONVERSION = YES;
				CLANG_WARN_CONSTANT_CONVERSION = YES;
				CLANG_WARN_DIRECT_OBJC_ISA_USAGE = YES_ERROR;
				CLANG_WARN_EMPTY_BODY = YES;
				CLANG_WARN_ENUM_CONVERSION = YES;
				CLANG_WARN_INT_CONVERSION = YES;
				CLANG_WARN_OBJC_ROOT_CLASS = YES_ERROR;
				CLANG_WARN_UNREACHABLE_CODE = YES;
				CLANG_WARN__DUPLICATE_METHOD_MATCH = YES;
				"CODE_SIGN_IDENTITY[sdk=iphoneos*]" = "iPhone Developer";
				COPY_PHASE_STRIP = NO;
				DEBUG_INFORMATION_FORMAT = dwarf;
				ENABLE_STRICT_OBJC_MSGSEND = YES;
				ENABLE_TESTABILITY = YES;
				GCC_C_LANGUAGE_STANDARD = gnu99;
				GCC_DYNAMIC_NO_PIC = NO;
				GCC_NO_COMMON_BLOCKS = YES;
				GCC_OPTIMIZATION_LEVEL = 0;
				GCC_PREPROCESSOR_DEFINITIONS = (
					"DEBUG=1",
					"$(inherited)",
				);
				GCC_WARN_64_TO_32_BIT_CONVERSION = YES;
				GCC_WARN_ABOUT_RETURN_TYPE = YES_ERROR;
				GCC_WARN_UNDECLARED_SELECTOR = YES;
				GCC_WARN_UNINITIALIZED_AUTOS = YES_AGGRESSIVE;
				GCC_WARN_UNUSED_FUNCTION = YES;
				GCC_WARN_UNUSED_VARIABLE = YES;
				IPHONEOS_DEPLOYMENT_TARGET = 9.2;
				MTL_ENABLE_DEBUG_INFO = YES;
				ONLY_ACTIVE_ARCH = YES;
				SDKROOT = iphoneos;
				SWIFT_OPTIMIZATION_LEVEL = "-Onone";
			};
			name = Debug;
		};
		AA2828A81C32113E0047FBD8 /* Release */ = {
			isa = XCBuildConfiguration;
			buildSettings = {
				ALWAYS_SEARCH_USER_PATHS = NO;
				CLANG_CXX_LANGUAGE_STANDARD = "gnu++0x";
				CLANG_CXX_LIBRARY = "libc++";
				CLANG_ENABLE_MODULES = YES;
				CLANG_ENABLE_OBJC_ARC = YES;
				CLANG_WARN_BOOL_CONVERSION = YES;
				CLANG_WARN_CONSTANT_CONVERSION = YES;
				CLANG_WARN_DIRECT_OBJC_ISA_USAGE = YES_ERROR;
				CLANG_WARN_EMPTY_BODY = YES;
				CLANG_WARN_ENUM_CONVERSION = YES;
				CLANG_WARN_INT_CONVERSION = YES;
				CLANG_WARN_OBJC_ROOT_CLASS = YES_ERROR;
				CLANG_WARN_UNREACHABLE_CODE = YES;
				CLANG_WARN__DUPLICATE_METHOD_MATCH = YES;
				"CODE_SIGN_IDENTITY[sdk=iphoneos*]" = "iPhone Developer";
				COPY_PHASE_STRIP = NO;
				DEBUG_INFORMATION_FORMAT = "dwarf-with-dsym";
				ENABLE_NS_ASSERTIONS = NO;
				ENABLE_STRICT_OBJC_MSGSEND = YES;
				GCC_C_LANGUAGE_STANDARD = gnu99;
				GCC_NO_COMMON_BLOCKS = YES;
				GCC_WARN_64_TO_32_BIT_CONVERSION = YES;
				GCC_WARN_ABOUT_RETURN_TYPE = YES_ERROR;
				GCC_WARN_UNDECLARED_SELECTOR = YES;
				GCC_WARN_UNINITIALIZED_AUTOS = YES_AGGRESSIVE;
				GCC_WARN_UNUSED_FUNCTION = YES;
				GCC_WARN_UNUSED_VARIABLE = YES;
				IPHONEOS_DEPLOYMENT_TARGET = 9.2;
				MTL_ENABLE_DEBUG_INFO = NO;
				SDKROOT = iphoneos;
				VALIDATE_PRODUCT = YES;
			};
			name = Release;
		};
		AA2828AA1C32113E0047FBD8 /* Debug */ = {
			isa = XCBuildConfiguration;
			buildSettings = {
				ASSETCATALOG_COMPILER_APPICON_NAME = AppIcon;
				INFOPLIST_FILE = "retro-calculator/Info.plist";
				LD_RUNPATH_SEARCH_PATHS = "$(inherited) @executable_path/Frameworks";
				PRODUCT_BUNDLE_IDENTIFIER = "com.hyunchan.retro-calculator";
				PRODUCT_NAME = "$(TARGET_NAME)";
			};
			name = Debug;
		};
		AA2828AB1C32113E0047FBD8 /* Release */ = {
			isa = XCBuildConfiguration;
			buildSettings = {
				ASSETCATALOG_COMPILER_APPICON_NAME = AppIcon;
				INFOPLIST_FILE = "retro-calculator/Info.plist";
				LD_RUNPATH_SEARCH_PATHS = "$(inherited) @executable_path/Frameworks";
				PRODUCT_BUNDLE_IDENTIFIER = "com.hyunchan.retro-calculator";
				PRODUCT_NAME = "$(TARGET_NAME)";
			};
			name = Release;
		};
/* End XCBuildConfiguration section */

/* Begin XCConfigurationList section */
		AA2828921C32113E0047FBD8 /* Build configuration list for PBXProject "retro-calculator" */ = {
			isa = XCConfigurationList;
			buildConfigurations = (
				AA2828A71C32113E0047FBD8 /* Debug */,
				AA2828A81C32113E0047FBD8 /* Release */,
			);
			defaultConfigurationIsVisible = 0;
			defaultConfigurationName = Release;
		};
		AA2828A91C32113E0047FBD8 /* Build configuration list for PBXNativeTarget "retro-calculator" */ = {
			isa = XCConfigurationList;
			buildConfigurations = (
				AA2828AA1C32113E0047FBD8 /* Debug */,
				AA2828AB1C32113E0047FBD8 /* Release */,
			);
			defaultConfigurationIsVisible = 0;
		};
/* End XCConfigurationList section */
	};
	rootObject = AA28288F1C32113E0047FBD8 /* Project object */;
}
