// !$*UTF8*$!
{
	archiveVersion = 1;
	classes = {
	};
	objectVersion = 46;
	objects = {

/* Begin PBXBuildFile section */
		AA5947691C9764B60044F991 /* AppDelegate.swift in Sources */ = {isa = PBXBuildFile; fileRef = AA5947681C9764B60044F991 /* AppDelegate.swift */; };
		AA59476B1C9764B60044F991 /* ViewController.swift in Sources */ = {isa = PBXBuildFile; fileRef = AA59476A1C9764B60044F991 /* ViewController.swift */; };
		AA59476E1C9764B60044F991 /* Main.storyboard in Resources */ = {isa = PBXBuildFile; fileRef = AA59476C1C9764B60044F991 /* Main.storyboard */; };
		AA5947701C9764B60044F991 /* Assets.xcassets in Resources */ = {isa = PBXBuildFile; fileRef = AA59476F1C9764B60044F991 /* Assets.xcassets */; };
		AA5947731C9764B60044F991 /* LaunchScreen.storyboard in Resources */ = {isa = PBXBuildFile; fileRef = AA5947711C9764B60044F991 /* LaunchScreen.storyboard */; };
		AA59477B1C9766D20044F991 /* RedVC.swift in Sources */ = {isa = PBXBuildFile; fileRef = AA59477A1C9766D20044F991 /* RedVC.swift */; };
		AA59477D1C97683F0044F991 /* PurpleVC.swift in Sources */ = {isa = PBXBuildFile; fileRef = AA59477C1C97683F0044F991 /* PurpleVC.swift */; };
/* End PBXBuildFile section */

/* Begin PBXFileReference section */
		AA5947651C9764B60044F991 /* nav-controller.app */ = {isa = PBXFileReference; explicitFileType = wrapper.application; includeInIndex = 0; path = "nav-controller.app"; sourceTree = BUILT_PRODUCTS_DIR; };
		AA5947681C9764B60044F991 /* AppDelegate.swift */ = {isa = PBXFileReference; lastKnownFileType = sourcecode.swift; path = AppDelegate.swift; sourceTree = "<group>"; };
		AA59476A1C9764B60044F991 /* ViewController.swift */ = {isa = PBXFileReference; lastKnownFileType = sourcecode.swift; path = ViewController.swift; sourceTree = "<group>"; };
		AA59476D1C9764B60044F991 /* Base */ = {isa = PBXFileReference; lastKnownFileType = file.storyboard; name = Base; path = Base.lproj/Main.storyboard; sourceTree = "<group>"; };
		AA59476F1C9764B60044F991 /* Assets.xcassets */ = {isa = PBXFileReference; lastKnownFileType = folder.assetcatalog; path = Assets.xcassets; sourceTree = "<group>"; };
		AA5947721C9764B60044F991 /* Base */ = {isa = PBXFileReference; lastKnownFileType = file.storyboard; name = Base; path = Base.lproj/LaunchScreen.storyboard; sourceTree = "<group>"; };
		AA5947741C9764B60044F991 /* Info.plist */ = {isa = PBXFileReference; lastKnownFileType = text.plist.xml; path = Info.plist; sourceTree = "<group>"; };
		AA59477A1C9766D20044F991 /* RedVC.swift */ = {isa = PBXFileReference; fileEncoding = 4; lastKnownFileType = sourcecode.swift; path = RedVC.swift; sourceTree = "<group>"; };
		AA59477C1C97683F0044F991 /* PurpleVC.swift */ = {isa = PBXFileReference; fileEncoding = 4; lastKnownFileType = sourcecode.swift; path = PurpleVC.swift; sourceTree = "<group>"; };
/* End PBXFileReference section */

/* Begin PBXFrameworksBuildPhase section */
		AA5947621C9764B60044F991 /* Frameworks */ = {
			isa = PBXFrameworksBuildPhase;
			buildActionMask = 2147483647;
			files = (
			);
			runOnlyForDeploymentPostprocessing = 0;
		};
/* End PBXFrameworksBuildPhase section */

/* Begin PBXGroup section */
		AA59475C1C9764B60044F991 = {
			isa = PBXGroup;
			children = (
				AA5947671C9764B60044F991 /* nav-controller */,
				AA5947661C9764B60044F991 /* Products */,
			);
			sourceTree = "<group>";
		};
		AA5947661C9764B60044F991 /* Products */ = {
			isa = PBXGroup;
			children = (
				AA5947651C9764B60044F991 /* nav-controller.app */,
			);
			name = Products;
			sourceTree = "<group>";
		};
		AA5947671C9764B60044F991 /* nav-controller */ = {
			isa = PBXGroup;
			children = (
				AA5947681C9764B60044F991 /* AppDelegate.swift */,
				AA59476A1C9764B60044F991 /* ViewController.swift */,
				AA59476C1C9764B60044F991 /* Main.storyboard */,
				AA59476F1C9764B60044F991 /* Assets.xcassets */,
				AA5947711C9764B60044F991 /* LaunchScreen.storyboard */,
				AA5947741C9764B60044F991 /* Info.plist */,
				AA59477A1C9766D20044F991 /* RedVC.swift */,
				AA59477C1C97683F0044F991 /* PurpleVC.swift */,
			);
			path = "nav-controller";
			sourceTree = "<group>";
		};
/* End PBXGroup section */

/* Begin PBXNativeTarget section */
		AA5947641C9764B60044F991 /* nav-controller */ = {
			isa = PBXNativeTarget;
			buildConfigurationList = AA5947771C9764B60044F991 /* Build configuration list for PBXNativeTarget "nav-controller" */;
			buildPhases = (
				AA5947611C9764B60044F991 /* Sources */,
				AA5947621C9764B60044F991 /* Frameworks */,
				AA5947631C9764B60044F991 /* Resources */,
			);
			buildRules = (
			);
			dependencies = (
			);
			name = "nav-controller";
			productName = "nav-controller";
			productReference = AA5947651C9764B60044F991 /* nav-controller.app */;
			productType = "com.apple.product-type.application";
		};
/* End PBXNativeTarget section */

/* Begin PBXProject section */
		AA59475D1C9764B60044F991 /* Project object */ = {
			isa = PBXProject;
			attributes = {
				LastSwiftUpdateCheck = 0720;
				LastUpgradeCheck = 0720;
				ORGANIZATIONNAME = hyunchan;
				TargetAttributes = {
					AA5947641C9764B60044F991 = {
						CreatedOnToolsVersion = 7.2.1;
						DevelopmentTeam = 8K4BZB3NVR;
					};
				};
			};
			buildConfigurationList = AA5947601C9764B60044F991 /* Build configuration list for PBXProject "nav-controller" */;
			compatibilityVersion = "Xcode 3.2";
			developmentRegion = English;
			hasScannedForEncodings = 0;
			knownRegions = (
				en,
				Base,
			);
			mainGroup = AA59475C1C9764B60044F991;
			productRefGroup = AA5947661C9764B60044F991 /* Products */;
			projectDirPath = "";
			projectRoot = "";
			targets = (
				AA5947641C9764B60044F991 /* nav-controller */,
			);
		};
/* End PBXProject section */

/* Begin PBXResourcesBuildPhase section */
		AA5947631C9764B60044F991 /* Resources */ = {
			isa = PBXResourcesBuildPhase;
			buildActionMask = 2147483647;
			files = (
				AA5947731C9764B60044F991 /* LaunchScreen.storyboard in Resources */,
				AA5947701C9764B60044F991 /* Assets.xcassets in Resources */,
				AA59476E1C9764B60044F991 /* Main.storyboard in Resources */,
			);
			runOnlyForDeploymentPostprocessing = 0;
		};
/* End PBXResourcesBuildPhase section */

/* Begin PBXSourcesBuildPhase section */
		AA5947611C9764B60044F991 /* Sources */ = {
			isa = PBXSourcesBuildPhase;
			buildActionMask = 2147483647;
			files = (
				AA59476B1C9764B60044F991 /* ViewController.swift in Sources */,
				AA59477B1C9766D20044F991 /* RedVC.swift in Sources */,
				AA59477D1C97683F0044F991 /* PurpleVC.swift in Sources */,
				AA5947691C9764B60044F991 /* AppDelegate.swift in Sources */,
			);
			runOnlyForDeploymentPostprocessing = 0;
		};
/* End PBXSourcesBuildPhase section */

/* Begin PBXVariantGroup section */
		AA59476C1C9764B60044F991 /* Main.storyboard */ = {
			isa = PBXVariantGroup;
			children = (
				AA59476D1C9764B60044F991 /* Base */,
			);
			name = Main.storyboard;
			sourceTree = "<group>";
		};
		AA5947711C9764B60044F991 /* LaunchScreen.storyboard */ = {
			isa = PBXVariantGroup;
			children = (
				AA5947721C9764B60044F991 /* Base */,
			);
			name = LaunchScreen.storyboard;
			sourceTree = "<group>";
		};
/* End PBXVariantGroup section */

/* Begin XCBuildConfiguration section */
		AA5947751C9764B60044F991 /* Debug */ = {
			isa = XCBuildConfiguration;
			buildSettings = {
				ALWAYS_SEARCH_USER_PATHS = NO;
				CLANG_CXX_LANGUAGE_STANDARD = "gnu++0x";
				CLANG_CXX_LIBRARY = "libc++";
				CLANG_ENABLE_MODULES = YES;
				CLANG_ENABLE_OBJC_ARC = YES;
				CLANG_WARN_BOOL_CONVERSION = YES;
				CLANG_WARN_CONSTANT_CONVERSION = YES;
				CLANG_WARN_DIRECT_OBJC_ISA_USAGE = YES_ERROR;
				CLANG_WARN_EMPTY_BODY = YES;
				CLANG_WARN_ENUM_CONVERSION = YES;
				CLANG_WARN_INT_CONVERSION = YES;
				CLANG_WARN_OBJC_ROOT_CLASS = YES_ERROR;
				CLANG_WARN_UNREACHABLE_CODE = YES;
				CLANG_WARN__DUPLICATE_METHOD_MATCH = YES;
				"CODE_SIGN_IDENTITY[sdk=iphoneos*]" = "iPhone Developer";
				COPY_PHASE_STRIP = NO;
				DEBUG_INFORMATION_FORMAT = dwarf;
				ENABLE_STRICT_OBJC_MSGSEND = YES;
				ENABLE_TESTABILITY = YES;
				GCC_C_LANGUAGE_STANDARD = gnu99;
				GCC_DYNAMIC_NO_PIC = NO;
				GCC_NO_COMMON_BLOCKS = YES;
				GCC_OPTIMIZATION_LEVEL = 0;
				GCC_PREPROCESSOR_DEFINITIONS = (
					"DEBUG=1",
					"$(inherited)",
				);
				GCC_WARN_64_TO_32_BIT_CONVERSION = YES;
				GCC_WARN_ABOUT_RETURN_TYPE = YES_ERROR;
				GCC_WARN_UNDECLARED_SELECTOR = YES;
				GCC_WARN_UNINITIALIZED_AUTOS = YES_AGGRESSIVE;
				GCC_WARN_UNUSED_FUNCTION = YES;
				GCC_WARN_UNUSED_VARIABLE = YES;
				IPHONEOS_DEPLOYMENT_TARGET = 9.2;
				MTL_ENABLE_DEBUG_INFO = YES;
				ONLY_ACTIVE_ARCH = YES;
				SDKROOT = iphoneos;
				SWIFT_OPTIMIZATION_LEVEL = "-Onone";
				TARGETED_DEVICE_FAMILY = "1,2";
			};
			name = Debug;
		};
		AA5947761C9764B60044F991 /* Release */ = {
			isa = XCBuildConfiguration;
			buildSettings = {
				ALWAYS_SEARCH_USER_PATHS = NO;
				CLANG_CXX_LANGUAGE_STANDARD = "gnu++0x";
				CLANG_CXX_LIBRARY = "libc++";
				CLANG_ENABLE_MODULES = YES;
				CLANG_ENABLE_OBJC_ARC = YES;
				CLANG_WARN_BOOL_CONVERSION = YES;
				CLANG_WARN_CONSTANT_CONVERSION = YES;
				CLANG_WARN_DIRECT_OBJC_ISA_USAGE = YES_ERROR;
				CLANG_WARN_EMPTY_BODY = YES;
				CLANG_WARN_ENUM_CONVERSION = YES;
				CLANG_WARN_INT_CONVERSION = YES;
				CLANG_WARN_OBJC_ROOT_CLASS = YES_ERROR;
				CLANG_WARN_UNREACHABLE_CODE = YES;
				CLANG_WARN__DUPLICATE_METHOD_MATCH = YES;
				"CODE_SIGN_IDENTITY[sdk=iphoneos*]" = "iPhone Developer";
				COPY_PHASE_STRIP = NO;
				DEBUG_INFORMATION_FORMAT = "dwarf-with-dsym";
				ENABLE_NS_ASSERTIONS = NO;
				ENABLE_STRICT_OBJC_MSGSEND = YES;
				GCC_C_LANGUAGE_STANDARD = gnu99;
				GCC_NO_COMMON_BLOCKS = YES;
				GCC_WARN_64_TO_32_BIT_CONVERSION = YES;
				GCC_WARN_ABOUT_RETURN_TYPE = YES_ERROR;
				GCC_WARN_UNDECLARED_SELECTOR = YES;
				GCC_WARN_UNINITIALIZED_AUTOS = YES_AGGRESSIVE;
				GCC_WARN_UNUSED_FUNCTION = YES;
				GCC_WARN_UNUSED_VARIABLE = YES;
				IPHONEOS_DEPLOYMENT_TARGET = 9.2;
				MTL_ENABLE_DEBUG_INFO = NO;
				SDKROOT = iphoneos;
				TARGETED_DEVICE_FAMILY = "1,2";
				VALIDATE_PRODUCT = YES;
			};
			name = Release;
		};
		AA5947781C9764B60044F991 /* Debug */ = {
			isa = XCBuildConfiguration;
			buildSettings = {
				ASSETCATALOG_COMPILER_APPICON_NAME = AppIcon;
				INFOPLIST_FILE = "nav-controller/Info.plist";
				LD_RUNPATH_SEARCH_PATHS = "$(inherited) @executable_path/Frameworks";
				PRODUCT_BUNDLE_IDENTIFIER = "com.hyunchan.nav-controller";
				PRODUCT_NAME = "$(TARGET_NAME)";
			};
			name = Debug;
		};
		AA5947791C9764B60044F991 /* Release */ = {
			isa = XCBuildConfiguration;
			buildSettings = {
				ASSETCATALOG_COMPILER_APPICON_NAME = AppIcon;
				INFOPLIST_FILE = "nav-controller/Info.plist";
				LD_RUNPATH_SEARCH_PATHS = "$(inherited) @executable_path/Frameworks";
				PRODUCT_BUNDLE_IDENTIFIER = "com.hyunchan.nav-controller";
				PRODUCT_NAME = "$(TARGET_NAME)";
			};
			name = Release;
		};
/* End XCBuildConfiguration section */

/* Begin XCConfigurationList section */
		AA5947601C9764B60044F991 /* Build configuration list for PBXProject "nav-controller" */ = {
			isa = XCConfigurationList;
			buildConfigurations = (
				AA5947751C9764B60044F991 /* Debug */,
				AA5947761C9764B60044F991 /* Release */,
			);
			defaultConfigurationIsVisible = 0;
			defaultConfigurationName = Release;
		};
		AA5947771C9764B60044F991 /* Build configuration list for PBXNativeTarget "nav-controller" */ = {
			isa = XCConfigurationList;
			buildConfigurations = (
				AA5947781C9764B60044F991 /* Debug */,
				AA5947791C9764B60044F991 /* Release */,
			);
			defaultConfigurationIsVisible = 0;
		};
/* End XCConfigurationList section */
	};
	rootObject = AA59475D1C9764B60044F991 /* Project object */;
}
