// !$*UTF8*$!
{
	archiveVersion = 1;
	classes = {
	};
	objectVersion = 46;
	objects = {

/* Begin PBXBuildFile section */
		AA5C9A9E1CEFB58E00D74D17 /* AppDelegate.swift in Sources */ = {isa = PBXBuildFile; fileRef = AA5C9A9D1CEFB58E00D74D17 /* AppDelegate.swift */; };
		AA5C9AA01CEFB58E00D74D17 /* ViewController.swift in Sources */ = {isa = PBXBuildFile; fileRef = AA5C9A9F1CEFB58E00D74D17 /* ViewController.swift */; };
		AA5C9AA31CEFB58E00D74D17 /* Main.storyboard in Resources */ = {isa = PBXBuildFile; fileRef = AA5C9AA11CEFB58E00D74D17 /* Main.storyboard */; };
		AA5C9AA51CEFB58E00D74D17 /* Assets.xcassets in Resources */ = {isa = PBXBuildFile; fileRef = AA5C9AA41CEFB58E00D74D17 /* Assets.xcassets */; };
		AA5C9AA81CEFB58E00D74D17 /* LaunchScreen.storyboard in Resources */ = {isa = PBXBuildFile; fileRef = AA5C9AA61CEFB58E00D74D17 /* LaunchScreen.storyboard */; };
		AAC8C4AF1CEFC08E001C5682 /* PersonCell.swift in Sources */ = {isa = PBXBuildFile; fileRef = AAC8C4AE1CEFC08E001C5682 /* PersonCell.swift */; };
		AAEEEE6C1CEFDE1300599B6E /* Person.swift in Sources */ = {isa = PBXBuildFile; fileRef = AAEEEE6B1CEFDE1300599B6E /* Person.swift */; };
		AAEEEE6E1CEFE56900599B6E /* FaceService.swift in Sources */ = {isa = PBXBuildFile; fileRef = AAEEEE6D1CEFE56900599B6E /* FaceService.swift */; };
		FBA3AA7A75C9D24BACC9D374 /* Pods_MissingPerson.framework in Frameworks */ = {isa = PBXBuildFile; fileRef = 26AD23327A93DABD8BC2F8EF /* Pods_MissingPerson.framework */; };
/* End PBXBuildFile section */

/* Begin PBXFileReference section */
		26AD23327A93DABD8BC2F8EF /* Pods_MissingPerson.framework */ = {isa = PBXFileReference; explicitFileType = wrapper.framework; includeInIndex = 0; path = Pods_MissingPerson.framework; sourceTree = BUILT_PRODUCTS_DIR; };
		459639016C899C904D099874 /* Pods-MissingPerson.release.xcconfig */ = {isa = PBXFileReference; includeInIndex = 1; lastKnownFileType = text.xcconfig; name = "Pods-MissingPerson.release.xcconfig"; path = "Pods/Target Support Files/Pods-MissingPerson/Pods-MissingPerson.release.xcconfig"; sourceTree = "<group>"; };
		83F1496EA7C65CF8F2D304EA /* Pods-MissingPerson.debug.xcconfig */ = {isa = PBXFileReference; includeInIndex = 1; lastKnownFileType = text.xcconfig; name = "Pods-MissingPerson.debug.xcconfig"; path = "Pods/Target Support Files/Pods-MissingPerson/Pods-MissingPerson.debug.xcconfig"; sourceTree = "<group>"; };
		AA5C9A9A1CEFB58E00D74D17 /* MissingPerson.app */ = {isa = PBXFileReference; explicitFileType = wrapper.application; includeInIndex = 0; path = MissingPerson.app; sourceTree = BUILT_PRODUCTS_DIR; };
		AA5C9A9D1CEFB58E00D74D17 /* AppDelegate.swift */ = {isa = PBXFileReference; lastKnownFileType = sourcecode.swift; path = AppDelegate.swift; sourceTree = "<group>"; };
		AA5C9A9F1CEFB58E00D74D17 /* ViewController.swift */ = {isa = PBXFileReference; lastKnownFileType = sourcecode.swift; path = ViewController.swift; sourceTree = "<group>"; };
		AA5C9AA21CEFB58E00D74D17 /* Base */ = {isa = PBXFileReference; lastKnownFileType = file.storyboard; name = Base; path = Base.lproj/Main.storyboard; sourceTree = "<group>"; };
		AA5C9AA41CEFB58E00D74D17 /* Assets.xcassets */ = {isa = PBXFileReference; lastKnownFileType = folder.assetcatalog; path = Assets.xcassets; sourceTree = "<group>"; };
		AA5C9AA71CEFB58E00D74D17 /* Base */ = {isa = PBXFileReference; lastKnownFileType = file.storyboard; name = Base; path = Base.lproj/LaunchScreen.storyboard; sourceTree = "<group>"; };
		AA5C9AA91CEFB58E00D74D17 /* Info.plist */ = {isa = PBXFileReference; lastKnownFileType = text.plist.xml; path = Info.plist; sourceTree = "<group>"; };
		AAC8C4AE1CEFC08E001C5682 /* PersonCell.swift */ = {isa = PBXFileReference; fileEncoding = 4; lastKnownFileType = sourcecode.swift; path = PersonCell.swift; sourceTree = "<group>"; };
		AAEEEE681CEFDD2D00599B6E /* MissingPerson-Bridging-Header.h */ = {isa = PBXFileReference; lastKnownFileType = sourcecode.c.h; path = "MissingPerson-Bridging-Header.h"; sourceTree = "<group>"; };
		AAEEEE6B1CEFDE1300599B6E /* Person.swift */ = {isa = PBXFileReference; fileEncoding = 4; lastKnownFileType = sourcecode.swift; path = Person.swift; sourceTree = "<group>"; };
		AAEEEE6D1CEFE56900599B6E /* FaceService.swift */ = {isa = PBXFileReference; fileEncoding = 4; lastKnownFileType = sourcecode.swift; path = FaceService.swift; sourceTree = "<group>"; };
/* End PBXFileReference section */

/* Begin PBXFrameworksBuildPhase section */
		AA5C9A971CEFB58E00D74D17 /* Frameworks */ = {
			isa = PBXFrameworksBuildPhase;
			buildActionMask = 2147483647;
			files = (
				FBA3AA7A75C9D24BACC9D374 /* Pods_MissingPerson.framework in Frameworks */,
			);
			runOnlyForDeploymentPostprocessing = 0;
		};
/* End PBXFrameworksBuildPhase section */

/* Begin PBXGroup section */
		5E00C7692C0A40B119C49B04 /* Frameworks */ = {
			isa = PBXGroup;
			children = (
				26AD23327A93DABD8BC2F8EF /* Pods_MissingPerson.framework */,
			);
			name = Frameworks;
			sourceTree = "<group>";
		};
		7BA200032A91522AB0879EEE /* Pods */ = {
			isa = PBXGroup;
			children = (
				83F1496EA7C65CF8F2D304EA /* Pods-MissingPerson.debug.xcconfig */,
				459639016C899C904D099874 /* Pods-MissingPerson.release.xcconfig */,
			);
			name = Pods;
			sourceTree = "<group>";
		};
		AA5C9A911CEFB58E00D74D17 = {
			isa = PBXGroup;
			children = (
				AA5C9A9C1CEFB58E00D74D17 /* MissingPerson */,
				AA5C9A9B1CEFB58E00D74D17 /* Products */,
				7BA200032A91522AB0879EEE /* Pods */,
				5E00C7692C0A40B119C49B04 /* Frameworks */,
			);
			sourceTree = "<group>";
		};
		AA5C9A9B1CEFB58E00D74D17 /* Products */ = {
			isa = PBXGroup;
			children = (
				AA5C9A9A1CEFB58E00D74D17 /* MissingPerson.app */,
			);
			name = Products;
			sourceTree = "<group>";
		};
		AA5C9A9C1CEFB58E00D74D17 /* MissingPerson */ = {
			isa = PBXGroup;
			children = (
				AA5C9A9D1CEFB58E00D74D17 /* AppDelegate.swift */,
				AA5C9A9F1CEFB58E00D74D17 /* ViewController.swift */,
				AAC8C4AE1CEFC08E001C5682 /* PersonCell.swift */,
				AAEEEE6B1CEFDE1300599B6E /* Person.swift */,
				AAEEEE6D1CEFE56900599B6E /* FaceService.swift */,
				AA5C9AA11CEFB58E00D74D17 /* Main.storyboard */,
				AA5C9AA41CEFB58E00D74D17 /* Assets.xcassets */,
				AA5C9AA61CEFB58E00D74D17 /* LaunchScreen.storyboard */,
				AA5C9AA91CEFB58E00D74D17 /* Info.plist */,
				AAEEEE681CEFDD2D00599B6E /* MissingPerson-Bridging-Header.h */,
			);
			path = MissingPerson;
			sourceTree = "<group>";
		};
/* End PBXGroup section */

/* Begin PBXNativeTarget section */
		AA5C9A991CEFB58E00D74D17 /* MissingPerson */ = {
			isa = PBXNativeTarget;
			buildConfigurationList = AA5C9AAC1CEFB58E00D74D17 /* Build configuration list for PBXNativeTarget "MissingPerson" */;
			buildPhases = (
				8A7E32413DEB8173B7099E9C /* 📦 Check Pods Manifest.lock */,
				AA5C9A961CEFB58E00D74D17 /* Sources */,
				AA5C9A971CEFB58E00D74D17 /* Frameworks */,
				AA5C9A981CEFB58E00D74D17 /* Resources */,
				9B66A369BA1B1B7D79D2C02F /* 📦 Embed Pods Frameworks */,
				6B267E9264497DC0B31E75BA /* 📦 Copy Pods Resources */,
			);
			buildRules = (
			);
			dependencies = (
			);
			name = MissingPerson;
			productName = MissingPerson;
			productReference = AA5C9A9A1CEFB58E00D74D17 /* MissingPerson.app */;
			productType = "com.apple.product-type.application";
		};
/* End PBXNativeTarget section */

/* Begin PBXProject section */
		AA5C9A921CEFB58E00D74D17 /* Project object */ = {
			isa = PBXProject;
			attributes = {
				LastSwiftUpdateCheck = 0730;
				LastUpgradeCheck = 0730;
				ORGANIZATIONNAME = hyunchan;
				TargetAttributes = {
					AA5C9A991CEFB58E00D74D17 = {
						CreatedOnToolsVersion = 7.3;
						DevelopmentTeam = 8K4BZB3NVR;
					};
				};
			};
			buildConfigurationList = AA5C9A951CEFB58E00D74D17 /* Build configuration list for PBXProject "MissingPerson" */;
			compatibilityVersion = "Xcode 3.2";
			developmentRegion = English;
			hasScannedForEncodings = 0;
			knownRegions = (
				en,
				Base,
			);
			mainGroup = AA5C9A911CEFB58E00D74D17;
			productRefGroup = AA5C9A9B1CEFB58E00D74D17 /* Products */;
			projectDirPath = "";
			projectRoot = "";
			targets = (
				AA5C9A991CEFB58E00D74D17 /* MissingPerson */,
			);
		};
/* End PBXProject section */

/* Begin PBXResourcesBuildPhase section */
		AA5C9A981CEFB58E00D74D17 /* Resources */ = {
			isa = PBXResourcesBuildPhase;
			buildActionMask = 2147483647;
			files = (
				AA5C9AA81CEFB58E00D74D17 /* LaunchScreen.storyboard in Resources */,
				AA5C9AA51CEFB58E00D74D17 /* Assets.xcassets in Resources */,
				AA5C9AA31CEFB58E00D74D17 /* Main.storyboard in Resources */,
			);
			runOnlyForDeploymentPostprocessing = 0;
		};
/* End PBXResourcesBuildPhase section */

/* Begin PBXShellScriptBuildPhase section */
		6B267E9264497DC0B31E75BA /* 📦 Copy Pods Resources */ = {
			isa = PBXShellScriptBuildPhase;
			buildActionMask = 2147483647;
			files = (
			);
			inputPaths = (
			);
			name = "📦 Copy Pods Resources";
			outputPaths = (
			);
			runOnlyForDeploymentPostprocessing = 0;
			shellPath = /bin/sh;
			shellScript = "\"${SRCROOT}/Pods/Target Support Files/Pods-MissingPerson/Pods-MissingPerson-resources.sh\"\n";
			showEnvVarsInLog = 0;
		};
		8A7E32413DEB8173B7099E9C /* 📦 Check Pods Manifest.lock */ = {
			isa = PBXShellScriptBuildPhase;
			buildActionMask = 2147483647;
			files = (
			);
			inputPaths = (
			);
			name = "📦 Check Pods Manifest.lock";
			outputPaths = (
			);
			runOnlyForDeploymentPostprocessing = 0;
			shellPath = /bin/sh;
			shellScript = "diff \"${PODS_ROOT}/../Podfile.lock\" \"${PODS_ROOT}/Manifest.lock\" > /dev/null\nif [[ $? != 0 ]] ; then\n    cat << EOM\nerror: The sandbox is not in sync with the Podfile.lock. Run 'pod install' or update your CocoaPods installation.\nEOM\n    exit 1\nfi\n";
			showEnvVarsInLog = 0;
		};
		9B66A369BA1B1B7D79D2C02F /* 📦 Embed Pods Frameworks */ = {
			isa = PBXShellScriptBuildPhase;
			buildActionMask = 2147483647;
			files = (
			);
			inputPaths = (
			);
			name = "📦 Embed Pods Frameworks";
			outputPaths = (
			);
			runOnlyForDeploymentPostprocessing = 0;
			shellPath = /bin/sh;
			shellScript = "\"${SRCROOT}/Pods/Target Support Files/Pods-MissingPerson/Pods-MissingPerson-frameworks.sh\"\n";
			showEnvVarsInLog = 0;
		};
/* End PBXShellScriptBuildPhase section */

/* Begin PBXSourcesBuildPhase section */
		AA5C9A961CEFB58E00D74D17 /* Sources */ = {
			isa = PBXSourcesBuildPhase;
			buildActionMask = 2147483647;
			files = (
				AAEEEE6E1CEFE56900599B6E /* FaceService.swift in Sources */,
				AAC8C4AF1CEFC08E001C5682 /* PersonCell.swift in Sources */,
				AA5C9AA01CEFB58E00D74D17 /* ViewController.swift in Sources */,
				AAEEEE6C1CEFDE1300599B6E /* Person.swift in Sources */,
				AA5C9A9E1CEFB58E00D74D17 /* AppDelegate.swift in Sources */,
			);
			runOnlyForDeploymentPostprocessing = 0;
		};
/* End PBXSourcesBuildPhase section */

/* Begin PBXVariantGroup section */
		AA5C9AA11CEFB58E00D74D17 /* Main.storyboard */ = {
			isa = PBXVariantGroup;
			children = (
				AA5C9AA21CEFB58E00D74D17 /* Base */,
			);
			name = Main.storyboard;
			sourceTree = "<group>";
		};
		AA5C9AA61CEFB58E00D74D17 /* LaunchScreen.storyboard */ = {
			isa = PBXVariantGroup;
			children = (
				AA5C9AA71CEFB58E00D74D17 /* Base */,
			);
			name = LaunchScreen.storyboard;
			sourceTree = "<group>";
		};
/* End PBXVariantGroup section */

/* Begin XCBuildConfiguration section */
		AA5C9AAA1CEFB58E00D74D17 /* Debug */ = {
			isa = XCBuildConfiguration;
			buildSettings = {
				ALWAYS_SEARCH_USER_PATHS = NO;
				CLANG_ANALYZER_NONNULL = YES;
				CLANG_CXX_LANGUAGE_STANDARD = "gnu++0x";
				CLANG_CXX_LIBRARY = "libc++";
				CLANG_ENABLE_MODULES = YES;
				CLANG_ENABLE_OBJC_ARC = YES;
				CLANG_WARN_BOOL_CONVERSION = YES;
				CLANG_WARN_CONSTANT_CONVERSION = YES;
				CLANG_WARN_DIRECT_OBJC_ISA_USAGE = YES_ERROR;
				CLANG_WARN_EMPTY_BODY = YES;
				CLANG_WARN_ENUM_CONVERSION = YES;
				CLANG_WARN_INT_CONVERSION = YES;
				CLANG_WARN_OBJC_ROOT_CLASS = YES_ERROR;
				CLANG_WARN_UNREACHABLE_CODE = YES;
				CLANG_WARN__DUPLICATE_METHOD_MATCH = YES;
				"CODE_SIGN_IDENTITY[sdk=iphoneos*]" = "iPhone Developer";
				COPY_PHASE_STRIP = NO;
				DEBUG_INFORMATION_FORMAT = dwarf;
				ENABLE_STRICT_OBJC_MSGSEND = YES;
				ENABLE_TESTABILITY = YES;
				GCC_C_LANGUAGE_STANDARD = gnu99;
				GCC_DYNAMIC_NO_PIC = NO;
				GCC_NO_COMMON_BLOCKS = YES;
				GCC_OPTIMIZATION_LEVEL = 0;
				GCC_PREPROCESSOR_DEFINITIONS = (
					"DEBUG=1",
					"$(inherited)",
				);
				GCC_WARN_64_TO_32_BIT_CONVERSION = YES;
				GCC_WARN_ABOUT_RETURN_TYPE = YES_ERROR;
				GCC_WARN_UNDECLARED_SELECTOR = YES;
				GCC_WARN_UNINITIALIZED_AUTOS = YES_AGGRESSIVE;
				GCC_WARN_UNUSED_FUNCTION = YES;
				GCC_WARN_UNUSED_VARIABLE = YES;
				IPHONEOS_DEPLOYMENT_TARGET = 9.3;
				MTL_ENABLE_DEBUG_INFO = YES;
				ONLY_ACTIVE_ARCH = YES;
				SDKROOT = iphoneos;
				SWIFT_OPTIMIZATION_LEVEL = "-Onone";
				TARGETED_DEVICE_FAMILY = "1,2";
			};
			name = Debug;
		};
		AA5C9AAB1CEFB58E00D74D17 /* Release */ = {
			isa = XCBuildConfiguration;
			buildSettings = {
				ALWAYS_SEARCH_USER_PATHS = NO;
				CLANG_ANALYZER_NONNULL = YES;
				CLANG_CXX_LANGUAGE_STANDARD = "gnu++0x";
				CLANG_CXX_LIBRARY = "libc++";
				CLANG_ENABLE_MODULES = YES;
				CLANG_ENABLE_OBJC_ARC = YES;
				CLANG_WARN_BOOL_CONVERSION = YES;
				CLANG_WARN_CONSTANT_CONVERSION = YES;
				CLANG_WARN_DIRECT_OBJC_ISA_USAGE = YES_ERROR;
				CLANG_WARN_EMPTY_BODY = YES;
				CLANG_WARN_ENUM_CONVERSION = YES;
				CLANG_WARN_INT_CONVERSION = YES;
				CLANG_WARN_OBJC_ROOT_CLASS = YES_ERROR;
				CLANG_WARN_UNREACHABLE_CODE = YES;
				CLANG_WARN__DUPLICATE_METHOD_MATCH = YES;
				"CODE_SIGN_IDENTITY[sdk=iphoneos*]" = "iPhone Developer";
				COPY_PHASE_STRIP = NO;
				DEBUG_INFORMATION_FORMAT = "dwarf-with-dsym";
				ENABLE_NS_ASSERTIONS = NO;
				ENABLE_STRICT_OBJC_MSGSEND = YES;
				GCC_C_LANGUAGE_STANDARD = gnu99;
				GCC_NO_COMMON_BLOCKS = YES;
				GCC_WARN_64_TO_32_BIT_CONVERSION = YES;
				GCC_WARN_ABOUT_RETURN_TYPE = YES_ERROR;
				GCC_WARN_UNDECLARED_SELECTOR = YES;
				GCC_WARN_UNINITIALIZED_AUTOS = YES_AGGRESSIVE;
				GCC_WARN_UNUSED_FUNCTION = YES;
				GCC_WARN_UNUSED_VARIABLE = YES;
				IPHONEOS_DEPLOYMENT_TARGET = 9.3;
				MTL_ENABLE_DEBUG_INFO = NO;
				SDKROOT = iphoneos;
				TARGETED_DEVICE_FAMILY = "1,2";
				VALIDATE_PRODUCT = YES;
			};
			name = Release;
		};
		AA5C9AAD1CEFB58E00D74D17 /* Debug */ = {
			isa = XCBuildConfiguration;
			baseConfigurationReference = 83F1496EA7C65CF8F2D304EA /* Pods-MissingPerson.debug.xcconfig */;
			buildSettings = {
				ASSETCATALOG_COMPILER_APPICON_NAME = AppIcon;
				CLANG_ENABLE_MODULES = YES;
				INFOPLIST_FILE = MissingPerson/Info.plist;
				LD_RUNPATH_SEARCH_PATHS = "$(inherited) @executable_path/Frameworks";
				PRODUCT_BUNDLE_IDENTIFIER = com.hyunchan.MissingPerson;
				PRODUCT_NAME = "$(TARGET_NAME)";
				SWIFT_OBJC_BRIDGING_HEADER = "MissingPerson/MissingPerson-Bridging-Header.h";
				SWIFT_OPTIMIZATION_LEVEL = "-Onone";
			};
			name = Debug;
		};
		AA5C9AAE1CEFB58E00D74D17 /* Release */ = {
			isa = XCBuildConfiguration;
			baseConfigurationReference = 459639016C899C904D099874 /* Pods-MissingPerson.release.xcconfig */;
			buildSettings = {
				ASSETCATALOG_COMPILER_APPICON_NAME = AppIcon;
				CLANG_ENABLE_MODULES = YES;
				INFOPLIST_FILE = MissingPerson/Info.plist;
				LD_RUNPATH_SEARCH_PATHS = "$(inherited) @executable_path/Frameworks";
				PRODUCT_BUNDLE_IDENTIFIER = com.hyunchan.MissingPerson;
				PRODUCT_NAME = "$(TARGET_NAME)";
				SWIFT_OBJC_BRIDGING_HEADER = "MissingPerson/MissingPerson-Bridging-Header.h";
			};
			name = Release;
		};
/* End XCBuildConfiguration section */

/* Begin XCConfigurationList section */
		AA5C9A951CEFB58E00D74D17 /* Build configuration list for PBXProject "MissingPerson" */ = {
			isa = XCConfigurationList;
			buildConfigurations = (
				AA5C9AAA1CEFB58E00D74D17 /* Debug */,
				AA5C9AAB1CEFB58E00D74D17 /* Release */,
			);
			defaultConfigurationIsVisible = 0;
			defaultConfigurationName = Release;
		};
		AA5C9AAC1CEFB58E00D74D17 /* Build configuration list for PBXNativeTarget "MissingPerson" */ = {
			isa = XCConfigurationList;
			buildConfigurations = (
				AA5C9AAD1CEFB58E00D74D17 /* Debug */,
				AA5C9AAE1CEFB58E00D74D17 /* Release */,
			);
			defaultConfigurationIsVisible = 0;
			defaultConfigurationName = Release;
		};
/* End XCConfigurationList section */
	};
	rootObject = AA5C9A921CEFB58E00D74D17 /* Project object */;
}
