// !$*UTF8*$!
{
	archiveVersion = 1;
	classes = {
	};
	objectVersion = 46;
	objects = {

/* Begin PBXBuildFile section */
		AA59478B1C976B530044F991 /* AppDelegate.swift in Sources */ = {isa = PBXBuildFile; fileRef = AA59478A1C976B530044F991 /* AppDelegate.swift */; };
		AA59478D1C976B530044F991 /* ViewController.swift in Sources */ = {isa = PBXBuildFile; fileRef = AA59478C1C976B530044F991 /* ViewController.swift */; };
		AA5947901C976B530044F991 /* Main.storyboard in Resources */ = {isa = PBXBuildFile; fileRef = AA59478E1C976B530044F991 /* Main.storyboard */; };
		AA5947921C976B530044F991 /* Assets.xcassets in Resources */ = {isa = PBXBuildFile; fileRef = AA5947911C976B530044F991 /* Assets.xcassets */; };
		AA5947951C976B530044F991 /* LaunchScreen.storyboard in Resources */ = {isa = PBXBuildFile; fileRef = AA5947931C976B530044F991 /* LaunchScreen.storyboard */; };
/* End PBXBuildFile section */

/* Begin PBXFileReference section */
		AA5947871C976B530044F991 /* scrollview.app */ = {isa = PBXFileReference; explicitFileType = wrapper.application; includeInIndex = 0; path = scrollview.app; sourceTree = BUILT_PRODUCTS_DIR; };
		AA59478A1C976B530044F991 /* AppDelegate.swift */ = {isa = PBXFileReference; lastKnownFileType = sourcecode.swift; path = AppDelegate.swift; sourceTree = "<group>"; };
		AA59478C1C976B530044F991 /* ViewController.swift */ = {isa = PBXFileReference; lastKnownFileType = sourcecode.swift; path = ViewController.swift; sourceTree = "<group>"; };
		AA59478F1C976B530044F991 /* Base */ = {isa = PBXFileReference; lastKnownFileType = file.storyboard; name = Base; path = Base.lproj/Main.storyboard; sourceTree = "<group>"; };
		AA5947911C976B530044F991 /* Assets.xcassets */ = {isa = PBXFileReference; lastKnownFileType = folder.assetcatalog; path = Assets.xcassets; sourceTree = "<group>"; };
		AA5947941C976B530044F991 /* Base */ = {isa = PBXFileReference; lastKnownFileType = file.storyboard; name = Base; path = Base.lproj/LaunchScreen.storyboard; sourceTree = "<group>"; };
		AA5947961C976B530044F991 /* Info.plist */ = {isa = PBXFileReference; lastKnownFileType = text.plist.xml; path = Info.plist; sourceTree = "<group>"; };
/* End PBXFileReference section */

/* Begin PBXFrameworksBuildPhase section */
		AA5947841C976B530044F991 /* Frameworks */ = {
			isa = PBXFrameworksBuildPhase;
			buildActionMask = 2147483647;
			files = (
			);
			runOnlyForDeploymentPostprocessing = 0;
		};
/* End PBXFrameworksBuildPhase section */

/* Begin PBXGroup section */
		AA59477E1C976B530044F991 = {
			isa = PBXGroup;
			children = (
				AA5947891C976B530044F991 /* scrollview */,
				AA5947881C976B530044F991 /* Products */,
			);
			sourceTree = "<group>";
		};
		AA5947881C976B530044F991 /* Products */ = {
			isa = PBXGroup;
			children = (
				AA5947871C976B530044F991 /* scrollview.app */,
			);
			name = Products;
			sourceTree = "<group>";
		};
		AA5947891C976B530044F991 /* scrollview */ = {
			isa = PBXGroup;
			children = (
				AA59478A1C976B530044F991 /* AppDelegate.swift */,
				AA59478C1C976B530044F991 /* ViewController.swift */,
				AA59478E1C976B530044F991 /* Main.storyboard */,
				AA5947911C976B530044F991 /* Assets.xcassets */,
				AA5947931C976B530044F991 /* LaunchScreen.storyboard */,
				AA5947961C976B530044F991 /* Info.plist */,
			);
			path = scrollview;
			sourceTree = "<group>";
		};
/* End PBXGroup section */

/* Begin PBXNativeTarget section */
		AA5947861C976B530044F991 /* scrollview */ = {
			isa = PBXNativeTarget;
			buildConfigurationList = AA5947991C976B530044F991 /* Build configuration list for PBXNativeTarget "scrollview" */;
			buildPhases = (
				AA5947831C976B530044F991 /* Sources */,
				AA5947841C976B530044F991 /* Frameworks */,
				AA5947851C976B530044F991 /* Resources */,
			);
			buildRules = (
			);
			dependencies = (
			);
			name = scrollview;
			productName = scrollview;
			productReference = AA5947871C976B530044F991 /* scrollview.app */;
			productType = "com.apple.product-type.application";
		};
/* End PBXNativeTarget section */

/* Begin PBXProject section */
		AA59477F1C976B530044F991 /* Project object */ = {
			isa = PBXProject;
			attributes = {
				LastSwiftUpdateCheck = 0720;
				LastUpgradeCheck = 0720;
				ORGANIZATIONNAME = hyunchan;
				TargetAttributes = {
					AA5947861C976B530044F991 = {
						CreatedOnToolsVersion = 7.2.1;
						DevelopmentTeam = 8K4BZB3NVR;
					};
				};
			};
			buildConfigurationList = AA5947821C976B530044F991 /* Build configuration list for PBXProject "scrollview" */;
			compatibilityVersion = "Xcode 3.2";
			developmentRegion = English;
			hasScannedForEncodings = 0;
			knownRegions = (
				en,
				Base,
			);
			mainGroup = AA59477E1C976B530044F991;
			productRefGroup = AA5947881C976B530044F991 /* Products */;
			projectDirPath = "";
			projectRoot = "";
			targets = (
				AA5947861C976B530044F991 /* scrollview */,
			);
		};
/* End PBXProject section */

/* Begin PBXResourcesBuildPhase section */
		AA5947851C976B530044F991 /* Resources */ = {
			isa = PBXResourcesBuildPhase;
			buildActionMask = 2147483647;
			files = (
				AA5947951C976B530044F991 /* LaunchScreen.storyboard in Resources */,
				AA5947921C976B530044F991 /* Assets.xcassets in Resources */,
				AA5947901C976B530044F991 /* Main.storyboard in Resources */,
			);
			runOnlyForDeploymentPostprocessing = 0;
		};
/* End PBXResourcesBuildPhase section */

/* Begin PBXSourcesBuildPhase section */
		AA5947831C976B530044F991 /* Sources */ = {
			isa = PBXSourcesBuildPhase;
			buildActionMask = 2147483647;
			files = (
				AA59478D1C976B530044F991 /* ViewController.swift in Sources */,
				AA59478B1C976B530044F991 /* AppDelegate.swift in Sources */,
			);
			runOnlyForDeploymentPostprocessing = 0;
		};
/* End PBXSourcesBuildPhase section */

/* Begin PBXVariantGroup section */
		AA59478E1C976B530044F991 /* Main.storyboard */ = {
			isa = PBXVariantGroup;
			children = (
				AA59478F1C976B530044F991 /* Base */,
			);
			name = Main.storyboard;
			sourceTree = "<group>";
		};
		AA5947931C976B530044F991 /* LaunchScreen.storyboard */ = {
			isa = PBXVariantGroup;
			children = (
				AA5947941C976B530044F991 /* Base */,
			);
			name = LaunchScreen.storyboard;
			sourceTree = "<group>";
		};
/* End PBXVariantGroup section */

/* Begin XCBuildConfiguration section */
		AA5947971C976B530044F991 /* Debug */ = {
			isa = XCBuildConfiguration;
			buildSettings = {
				ALWAYS_SEARCH_USER_PATHS = NO;
				CLANG_CXX_LANGUAGE_STANDARD = "gnu++0x";
				CLANG_CXX_LIBRARY = "libc++";
				CLANG_ENABLE_MODULES = YES;
				CLANG_ENABLE_OBJC_ARC = YES;
				CLANG_WARN_BOOL_CONVERSION = YES;
				CLANG_WARN_CONSTANT_CONVERSION = YES;
				CLANG_WARN_DIRECT_OBJC_ISA_USAGE = YES_ERROR;
				CLANG_WARN_EMPTY_BODY = YES;
				CLANG_WARN_ENUM_CONVERSION = YES;
				CLANG_WARN_INT_CONVERSION = YES;
				CLANG_WARN_OBJC_ROOT_CLASS = YES_ERROR;
				CLANG_WARN_UNREACHABLE_CODE = YES;
				CLANG_WARN__DUPLICATE_METHOD_MATCH = YES;
				"CODE_SIGN_IDENTITY[sdk=iphoneos*]" = "iPhone Developer";
				COPY_PHASE_STRIP = NO;
				DEBUG_INFORMATION_FORMAT = dwarf;
				ENABLE_STRICT_OBJC_MSGSEND = YES;
				ENABLE_TESTABILITY = YES;
				GCC_C_LANGUAGE_STANDARD = gnu99;
				GCC_DYNAMIC_NO_PIC = NO;
				GCC_NO_COMMON_BLOCKS = YES;
				GCC_OPTIMIZATION_LEVEL = 0;
				GCC_PREPROCESSOR_DEFINITIONS = (
					"DEBUG=1",
					"$(inherited)",
				);
				GCC_WARN_64_TO_32_BIT_CONVERSION = YES;
				GCC_WARN_ABOUT_RETURN_TYPE = YES_ERROR;
				GCC_WARN_UNDECLARED_SELECTOR = YES;
				GCC_WARN_UNINITIALIZED_AUTOS = YES_AGGRESSIVE;
				GCC_WARN_UNUSED_FUNCTION = YES;
				GCC_WARN_UNUSED_VARIABLE = YES;
				IPHONEOS_DEPLOYMENT_TARGET = 9.2;
				MTL_ENABLE_DEBUG_INFO = YES;
				ONLY_ACTIVE_ARCH = YES;
				SDKROOT = iphoneos;
				SWIFT_OPTIMIZATION_LEVEL = "-Onone";
				TARGETED_DEVICE_FAMILY = "1,2";
			};
			name = Debug;
		};
		AA5947981C976B530044F991 /* Release */ = {
			isa = XCBuildConfiguration;
			buildSettings = {
				ALWAYS_SEARCH_USER_PATHS = NO;
				CLANG_CXX_LANGUAGE_STANDARD = "gnu++0x";
				CLANG_CXX_LIBRARY = "libc++";
				CLANG_ENABLE_MODULES = YES;
				CLANG_ENABLE_OBJC_ARC = YES;
				CLANG_WARN_BOOL_CONVERSION = YES;
				CLANG_WARN_CONSTANT_CONVERSION = YES;
				CLANG_WARN_DIRECT_OBJC_ISA_USAGE = YES_ERROR;
				CLANG_WARN_EMPTY_BODY = YES;
				CLANG_WARN_ENUM_CONVERSION = YES;
				CLANG_WARN_INT_CONVERSION = YES;
				CLANG_WARN_OBJC_ROOT_CLASS = YES_ERROR;
				CLANG_WARN_UNREACHABLE_CODE = YES;
				CLANG_WARN__DUPLICATE_METHOD_MATCH = YES;
				"CODE_SIGN_IDENTITY[sdk=iphoneos*]" = "iPhone Developer";
				COPY_PHASE_STRIP = NO;
				DEBUG_INFORMATION_FORMAT = "dwarf-with-dsym";
				ENABLE_NS_ASSERTIONS = NO;
				ENABLE_STRICT_OBJC_MSGSEND = YES;
				GCC_C_LANGUAGE_STANDARD = gnu99;
				GCC_NO_COMMON_BLOCKS = YES;
				GCC_WARN_64_TO_32_BIT_CONVERSION = YES;
				GCC_WARN_ABOUT_RETURN_TYPE = YES_ERROR;
				GCC_WARN_UNDECLARED_SELECTOR = YES;
				GCC_WARN_UNINITIALIZED_AUTOS = YES_AGGRESSIVE;
				GCC_WARN_UNUSED_FUNCTION = YES;
				GCC_WARN_UNUSED_VARIABLE = YES;
				IPHONEOS_DEPLOYMENT_TARGET = 9.2;
				MTL_ENABLE_DEBUG_INFO = NO;
				SDKROOT = iphoneos;
				TARGETED_DEVICE_FAMILY = "1,2";
				VALIDATE_PRODUCT = YES;
			};
			name = Release;
		};
		AA59479A1C976B530044F991 /* Debug */ = {
			isa = XCBuildConfiguration;
			buildSettings = {
				ASSETCATALOG_COMPILER_APPICON_NAME = AppIcon;
				INFOPLIST_FILE = scrollview/Info.plist;
				LD_RUNPATH_SEARCH_PATHS = "$(inherited) @executable_path/Frameworks";
				PRODUCT_BUNDLE_IDENTIFIER = com.hyunchan.scrollview;
				PRODUCT_NAME = "$(TARGET_NAME)";
			};
			name = Debug;
		};
		AA59479B1C976B530044F991 /* Release */ = {
			isa = XCBuildConfiguration;
			buildSettings = {
				ASSETCATALOG_COMPILER_APPICON_NAME = AppIcon;
				INFOPLIST_FILE = scrollview/Info.plist;
				LD_RUNPATH_SEARCH_PATHS = "$(inherited) @executable_path/Frameworks";
				PRODUCT_BUNDLE_IDENTIFIER = com.hyunchan.scrollview;
				PRODUCT_NAME = "$(TARGET_NAME)";
			};
			name = Release;
		};
/* End XCBuildConfiguration section */

/* Begin XCConfigurationList section */
		AA5947821C976B530044F991 /* Build configuration list for PBXProject "scrollview" */ = {
			isa = XCConfigurationList;
			buildConfigurations = (
				AA5947971C976B530044F991 /* Debug */,
				AA5947981C976B530044F991 /* Release */,
			);
			defaultConfigurationIsVisible = 0;
			defaultConfigurationName = Release;
		};
		AA5947991C976B530044F991 /* Build configuration list for PBXNativeTarget "scrollview" */ = {
			isa = XCConfigurationList;
			buildConfigurations = (
				AA59479A1C976B530044F991 /* Debug */,
				AA59479B1C976B530044F991 /* Release */,
			);
			defaultConfigurationIsVisible = 0;
		};
/* End XCConfigurationList section */
	};
	rootObject = AA59477F1C976B530044F991 /* Project object */;
}
