// !$*UTF8*$!
{
	archiveVersion = 1;
	classes = {
	};
	objectVersion = 46;
	objects = {

/* Begin PBXBuildFile section */
		AACBB4F61C39B65B000AC75B /* AppDelegate.swift in Sources */ = {isa = PBXBuildFile; fileRef = AACBB4F51C39B65B000AC75B /* AppDelegate.swift */; };
		AACBB4F81C39B65B000AC75B /* ViewController.swift in Sources */ = {isa = PBXBuildFile; fileRef = AACBB4F71C39B65B000AC75B /* ViewController.swift */; };
		AACBB4FB1C39B65B000AC75B /* Main.storyboard in Resources */ = {isa = PBXBuildFile; fileRef = AACBB4F91C39B65B000AC75B /* Main.storyboard */; };
		AACBB4FD1C39B65B000AC75B /* Assets.xcassets in Resources */ = {isa = PBXBuildFile; fileRef = AACBB4FC1C39B65B000AC75B /* Assets.xcassets */; };
		AACBB5001C39B65B000AC75B /* LaunchScreen.storyboard in Resources */ = {isa = PBXBuildFile; fileRef = AACBB4FE1C39B65B000AC75B /* LaunchScreen.storyboard */; };
		AACBB5081C39B78D000AC75B /* Character.swift in Sources */ = {isa = PBXBuildFile; fileRef = AACBB5071C39B78D000AC75B /* Character.swift */; };
		AACBB50A1C39BB07000AC75B /* Player.swift in Sources */ = {isa = PBXBuildFile; fileRef = AACBB5091C39BB07000AC75B /* Player.swift */; };
		AACBB50C1C39BDA6000AC75B /* Enemy.swift in Sources */ = {isa = PBXBuildFile; fileRef = AACBB50B1C39BDA6000AC75B /* Enemy.swift */; };
		AACBB50E1C39BF5E000AC75B /* Kimara.swift in Sources */ = {isa = PBXBuildFile; fileRef = AACBB50D1C39BF5E000AC75B /* Kimara.swift */; };
		AACBB5101C39C147000AC75B /* DevilWizard.swift in Sources */ = {isa = PBXBuildFile; fileRef = AACBB50F1C39C147000AC75B /* DevilWizard.swift */; };
/* End PBXBuildFile section */

/* Begin PBXFileReference section */
		AACBB4F21C39B65B000AC75B /* rpgoop.app */ = {isa = PBXFileReference; explicitFileType = wrapper.application; includeInIndex = 0; path = rpgoop.app; sourceTree = BUILT_PRODUCTS_DIR; };
		AACBB4F51C39B65B000AC75B /* AppDelegate.swift */ = {isa = PBXFileReference; lastKnownFileType = sourcecode.swift; path = AppDelegate.swift; sourceTree = "<group>"; };
		AACBB4F71C39B65B000AC75B /* ViewController.swift */ = {isa = PBXFileReference; lastKnownFileType = sourcecode.swift; path = ViewController.swift; sourceTree = "<group>"; };
		AACBB4FA1C39B65B000AC75B /* Base */ = {isa = PBXFileReference; lastKnownFileType = file.storyboard; name = Base; path = Base.lproj/Main.storyboard; sourceTree = "<group>"; };
		AACBB4FC1C39B65B000AC75B /* Assets.xcassets */ = {isa = PBXFileReference; lastKnownFileType = folder.assetcatalog; path = Assets.xcassets; sourceTree = "<group>"; };
		AACBB4FF1C39B65B000AC75B /* Base */ = {isa = PBXFileReference; lastKnownFileType = file.storyboard; name = Base; path = Base.lproj/LaunchScreen.storyboard; sourceTree = "<group>"; };
		AACBB5011C39B65B000AC75B /* Info.plist */ = {isa = PBXFileReference; lastKnownFileType = text.plist.xml; path = Info.plist; sourceTree = "<group>"; };
		AACBB5071C39B78D000AC75B /* Character.swift */ = {isa = PBXFileReference; fileEncoding = 4; lastKnownFileType = sourcecode.swift; path = Character.swift; sourceTree = "<group>"; };
		AACBB5091C39BB07000AC75B /* Player.swift */ = {isa = PBXFileReference; fileEncoding = 4; lastKnownFileType = sourcecode.swift; path = Player.swift; sourceTree = "<group>"; };
		AACBB50B1C39BDA6000AC75B /* Enemy.swift */ = {isa = PBXFileReference; fileEncoding = 4; lastKnownFileType = sourcecode.swift; path = Enemy.swift; sourceTree = "<group>"; };
		AACBB50D1C39BF5E000AC75B /* Kimara.swift */ = {isa = PBXFileReference; fileEncoding = 4; lastKnownFileType = sourcecode.swift; path = Kimara.swift; sourceTree = "<group>"; };
		AACBB50F1C39C147000AC75B /* DevilWizard.swift */ = {isa = PBXFileReference; fileEncoding = 4; lastKnownFileType = sourcecode.swift; path = DevilWizard.swift; sourceTree = "<group>"; };
/* End PBXFileReference section */

/* Begin PBXFrameworksBuildPhase section */
		AACBB4EF1C39B65B000AC75B /* Frameworks */ = {
			isa = PBXFrameworksBuildPhase;
			buildActionMask = 2147483647;
			files = (
			);
			runOnlyForDeploymentPostprocessing = 0;
		};
/* End PBXFrameworksBuildPhase section */

/* Begin PBXGroup section */
		AACBB4E91C39B65B000AC75B = {
			isa = PBXGroup;
			children = (
				AACBB4F41C39B65B000AC75B /* rpgoop */,
				AACBB4F31C39B65B000AC75B /* Products */,
			);
			sourceTree = "<group>";
		};
		AACBB4F31C39B65B000AC75B /* Products */ = {
			isa = PBXGroup;
			children = (
				AACBB4F21C39B65B000AC75B /* rpgoop.app */,
			);
			name = Products;
			sourceTree = "<group>";
		};
		AACBB4F41C39B65B000AC75B /* rpgoop */ = {
			isa = PBXGroup;
			children = (
				AACBB4F51C39B65B000AC75B /* AppDelegate.swift */,
				AACBB4F71C39B65B000AC75B /* ViewController.swift */,
				AACBB4F91C39B65B000AC75B /* Main.storyboard */,
				AACBB4FC1C39B65B000AC75B /* Assets.xcassets */,
				AACBB4FE1C39B65B000AC75B /* LaunchScreen.storyboard */,
				AACBB5011C39B65B000AC75B /* Info.plist */,
				AACBB5071C39B78D000AC75B /* Character.swift */,
				AACBB50B1C39BDA6000AC75B /* Enemy.swift */,
				AACBB50D1C39BF5E000AC75B /* Kimara.swift */,
				AACBB50F1C39C147000AC75B /* DevilWizard.swift */,
				AACBB5091C39BB07000AC75B /* Player.swift */,
			);
			path = rpgoop;
			sourceTree = "<group>";
		};
/* End PBXGroup section */

/* Begin PBXNativeTarget section */
		AACBB4F11C39B65B000AC75B /* rpgoop */ = {
			isa = PBXNativeTarget;
			buildConfigurationList = AACBB5041C39B65B000AC75B /* Build configuration list for PBXNativeTarget "rpgoop" */;
			buildPhases = (
				AACBB4EE1C39B65B000AC75B /* Sources */,
				AACBB4EF1C39B65B000AC75B /* Frameworks */,
				AACBB4F01C39B65B000AC75B /* Resources */,
			);
			buildRules = (
			);
			dependencies = (
			);
			name = rpgoop;
			productName = rpgoop;
			productReference = AACBB4F21C39B65B000AC75B /* rpgoop.app */;
			productType = "com.apple.product-type.application";
		};
/* End PBXNativeTarget section */

/* Begin PBXProject section */
		AACBB4EA1C39B65B000AC75B /* Project object */ = {
			isa = PBXProject;
			attributes = {
				LastSwiftUpdateCheck = 0720;
				LastUpgradeCheck = 0720;
				ORGANIZATIONNAME = hyunchan;
				TargetAttributes = {
					AACBB4F11C39B65B000AC75B = {
						CreatedOnToolsVersion = 7.2;
					};
				};
			};
			buildConfigurationList = AACBB4ED1C39B65B000AC75B /* Build configuration list for PBXProject "rpgoop" */;
			compatibilityVersion = "Xcode 3.2";
			developmentRegion = English;
			hasScannedForEncodings = 0;
			knownRegions = (
				en,
				Base,
			);
			mainGroup = AACBB4E91C39B65B000AC75B;
			productRefGroup = AACBB4F31C39B65B000AC75B /* Products */;
			projectDirPath = "";
			projectRoot = "";
			targets = (
				AACBB4F11C39B65B000AC75B /* rpgoop */,
			);
		};
/* End PBXProject section */

/* Begin PBXResourcesBuildPhase section */
		AACBB4F01C39B65B000AC75B /* Resources */ = {
			isa = PBXResourcesBuildPhase;
			buildActionMask = 2147483647;
			files = (
				AACBB5001C39B65B000AC75B /* LaunchScreen.storyboard in Resources */,
				AACBB4FD1C39B65B000AC75B /* Assets.xcassets in Resources */,
				AACBB4FB1C39B65B000AC75B /* Main.storyboard in Resources */,
			);
			runOnlyForDeploymentPostprocessing = 0;
		};
/* End PBXResourcesBuildPhase section */

/* Begin PBXSourcesBuildPhase section */
		AACBB4EE1C39B65B000AC75B /* Sources */ = {
			isa = PBXSourcesBuildPhase;
			buildActionMask = 2147483647;
			files = (
				AACBB50A1C39BB07000AC75B /* Player.swift in Sources */,
				AACBB50C1C39BDA6000AC75B /* Enemy.swift in Sources */,
				AACBB50E1C39BF5E000AC75B /* Kimara.swift in Sources */,
				AACBB5101C39C147000AC75B /* DevilWizard.swift in Sources */,
				AACBB5081C39B78D000AC75B /* Character.swift in Sources */,
				AACBB4F81C39B65B000AC75B /* ViewController.swift in Sources */,
				AACBB4F61C39B65B000AC75B /* AppDelegate.swift in Sources */,
			);
			runOnlyForDeploymentPostprocessing = 0;
		};
/* End PBXSourcesBuildPhase section */

/* Begin PBXVariantGroup section */
		AACBB4F91C39B65B000AC75B /* Main.storyboard */ = {
			isa = PBXVariantGroup;
			children = (
				AACBB4FA1C39B65B000AC75B /* Base */,
			);
			name = Main.storyboard;
			sourceTree = "<group>";
		};
		AACBB4FE1C39B65B000AC75B /* LaunchScreen.storyboard */ = {
			isa = PBXVariantGroup;
			children = (
				AACBB4FF1C39B65B000AC75B /* Base */,
			);
			name = LaunchScreen.storyboard;
			sourceTree = "<group>";
		};
/* End PBXVariantGroup section */

/* Begin XCBuildConfiguration section */
		AACBB5021C39B65B000AC75B /* Debug */ = {
			isa = XCBuildConfiguration;
			buildSettings = {
				ALWAYS_SEARCH_USER_PATHS = NO;
				CLANG_CXX_LANGUAGE_STANDARD = "gnu++0x";
				CLANG_CXX_LIBRARY = "libc++";
				CLANG_ENABLE_MODULES = YES;
				CLANG_ENABLE_OBJC_ARC = YES;
				CLANG_WARN_BOOL_CONVERSION = YES;
				CLANG_WARN_CONSTANT_CONVERSION = YES;
				CLANG_WARN_DIRECT_OBJC_ISA_USAGE = YES_ERROR;
				CLANG_WARN_EMPTY_BODY = YES;
				CLANG_WARN_ENUM_CONVERSION = YES;
				CLANG_WARN_INT_CONVERSION = YES;
				CLANG_WARN_OBJC_ROOT_CLASS = YES_ERROR;
				CLANG_WARN_UNREACHABLE_CODE = YES;
				CLANG_WARN__DUPLICATE_METHOD_MATCH = YES;
				"CODE_SIGN_IDENTITY[sdk=iphoneos*]" = "iPhone Developer";
				COPY_PHASE_STRIP = NO;
				DEBUG_INFORMATION_FORMAT = dwarf;
				ENABLE_STRICT_OBJC_MSGSEND = YES;
				ENABLE_TESTABILITY = YES;
				GCC_C_LANGUAGE_STANDARD = gnu99;
				GCC_DYNAMIC_NO_PIC = NO;
				GCC_NO_COMMON_BLOCKS = YES;
				GCC_OPTIMIZATION_LEVEL = 0;
				GCC_PREPROCESSOR_DEFINITIONS = (
					"DEBUG=1",
					"$(inherited)",
				);
				GCC_WARN_64_TO_32_BIT_CONVERSION = YES;
				GCC_WARN_ABOUT_RETURN_TYPE = YES_ERROR;
				GCC_WARN_UNDECLARED_SELECTOR = YES;
				GCC_WARN_UNINITIALIZED_AUTOS = YES_AGGRESSIVE;
				GCC_WARN_UNUSED_FUNCTION = YES;
				GCC_WARN_UNUSED_VARIABLE = YES;
				IPHONEOS_DEPLOYMENT_TARGET = 9.2;
				MTL_ENABLE_DEBUG_INFO = YES;
				ONLY_ACTIVE_ARCH = YES;
				SDKROOT = iphoneos;
				SWIFT_OPTIMIZATION_LEVEL = "-Onone";
				TARGETED_DEVICE_FAMILY = "1,2";
			};
			name = Debug;
		};
		AACBB5031C39B65B000AC75B /* Release */ = {
			isa = XCBuildConfiguration;
			buildSettings = {
				ALWAYS_SEARCH_USER_PATHS = NO;
				CLANG_CXX_LANGUAGE_STANDARD = "gnu++0x";
				CLANG_CXX_LIBRARY = "libc++";
				CLANG_ENABLE_MODULES = YES;
				CLANG_ENABLE_OBJC_ARC = YES;
				CLANG_WARN_BOOL_CONVERSION = YES;
				CLANG_WARN_CONSTANT_CONVERSION = YES;
				CLANG_WARN_DIRECT_OBJC_ISA_USAGE = YES_ERROR;
				CLANG_WARN_EMPTY_BODY = YES;
				CLANG_WARN_ENUM_CONVERSION = YES;
				CLANG_WARN_INT_CONVERSION = YES;
				CLANG_WARN_OBJC_ROOT_CLASS = YES_ERROR;
				CLANG_WARN_UNREACHABLE_CODE = YES;
				CLANG_WARN__DUPLICATE_METHOD_MATCH = YES;
				"CODE_SIGN_IDENTITY[sdk=iphoneos*]" = "iPhone Developer";
				COPY_PHASE_STRIP = NO;
				DEBUG_INFORMATION_FORMAT = "dwarf-with-dsym";
				ENABLE_NS_ASSERTIONS = NO;
				ENABLE_STRICT_OBJC_MSGSEND = YES;
				GCC_C_LANGUAGE_STANDARD = gnu99;
				GCC_NO_COMMON_BLOCKS = YES;
				GCC_WARN_64_TO_32_BIT_CONVERSION = YES;
				GCC_WARN_ABOUT_RETURN_TYPE = YES_ERROR;
				GCC_WARN_UNDECLARED_SELECTOR = YES;
				GCC_WARN_UNINITIALIZED_AUTOS = YES_AGGRESSIVE;
				GCC_WARN_UNUSED_FUNCTION = YES;
				GCC_WARN_UNUSED_VARIABLE = YES;
				IPHONEOS_DEPLOYMENT_TARGET = 9.2;
				MTL_ENABLE_DEBUG_INFO = NO;
				SDKROOT = iphoneos;
				TARGETED_DEVICE_FAMILY = "1,2";
				VALIDATE_PRODUCT = YES;
			};
			name = Release;
		};
		AACBB5051C39B65B000AC75B /* Debug */ = {
			isa = XCBuildConfiguration;
			buildSettings = {
				ASSETCATALOG_COMPILER_APPICON_NAME = AppIcon;
				INFOPLIST_FILE = rpgoop/Info.plist;
				LD_RUNPATH_SEARCH_PATHS = "$(inherited) @executable_path/Frameworks";
				PRODUCT_BUNDLE_IDENTIFIER = com.hyunchan.rpgoop;
				PRODUCT_NAME = "$(TARGET_NAME)";
			};
			name = Debug;
		};
		AACBB5061C39B65B000AC75B /* Release */ = {
			isa = XCBuildConfiguration;
			buildSettings = {
				ASSETCATALOG_COMPILER_APPICON_NAME = AppIcon;
				INFOPLIST_FILE = rpgoop/Info.plist;
				LD_RUNPATH_SEARCH_PATHS = "$(inherited) @executable_path/Frameworks";
				PRODUCT_BUNDLE_IDENTIFIER = com.hyunchan.rpgoop;
				PRODUCT_NAME = "$(TARGET_NAME)";
			};
			name = Release;
		};
/* End XCBuildConfiguration section */

/* Begin XCConfigurationList section */
		AACBB4ED1C39B65B000AC75B /* Build configuration list for PBXProject "rpgoop" */ = {
			isa = XCConfigurationList;
			buildConfigurations = (
				AACBB5021C39B65B000AC75B /* Debug */,
				AACBB5031C39B65B000AC75B /* Release */,
			);
			defaultConfigurationIsVisible = 0;
			defaultConfigurationName = Release;
		};
		AACBB5041C39B65B000AC75B /* Build configuration list for PBXNativeTarget "rpgoop" */ = {
			isa = XCConfigurationList;
			buildConfigurations = (
				AACBB5051C39B65B000AC75B /* Debug */,
				AACBB5061C39B65B000AC75B /* Release */,
			);
			defaultConfigurationIsVisible = 0;
		};
/* End XCConfigurationList section */
	};
	rootObject = AACBB4EA1C39B65B000AC75B /* Project object */;
}
