// !$*UTF8*$!
{
	archiveVersion = 1;
	classes = {
	};
	objectVersion = 46;
	objects = {

/* Begin PBXBuildFile section */
		AA851CA81C87D2C500A80595 /* AppDelegate.swift in Sources */ = {isa = PBXBuildFile; fileRef = AA851CA71C87D2C500A80595 /* AppDelegate.swift */; };
		AA851CAA1C87D2C500A80595 /* ViewController.swift in Sources */ = {isa = PBXBuildFile; fileRef = AA851CA91C87D2C500A80595 /* ViewController.swift */; };
		AA851CAD1C87D2C500A80595 /* Main.storyboard in Resources */ = {isa = PBXBuildFile; fileRef = AA851CAB1C87D2C500A80595 /* Main.storyboard */; };
		AA851CAF1C87D2C500A80595 /* Assets.xcassets in Resources */ = {isa = PBXBuildFile; fileRef = AA851CAE1C87D2C500A80595 /* Assets.xcassets */; };
		AA851CB21C87D2C500A80595 /* LaunchScreen.storyboard in Resources */ = {isa = PBXBuildFile; fileRef = AA851CB01C87D2C500A80595 /* LaunchScreen.storyboard */; };
/* End PBXBuildFile section */

/* Begin PBXFileReference section */
		AA851CA41C87D2C500A80595 /* segues.app */ = {isa = PBXFileReference; explicitFileType = wrapper.application; includeInIndex = 0; path = segues.app; sourceTree = BUILT_PRODUCTS_DIR; };
		AA851CA71C87D2C500A80595 /* AppDelegate.swift */ = {isa = PBXFileReference; lastKnownFileType = sourcecode.swift; path = AppDelegate.swift; sourceTree = "<group>"; };
		AA851CA91C87D2C500A80595 /* ViewController.swift */ = {isa = PBXFileReference; lastKnownFileType = sourcecode.swift; path = ViewController.swift; sourceTree = "<group>"; };
		AA851CAC1C87D2C500A80595 /* Base */ = {isa = PBXFileReference; lastKnownFileType = file.storyboard; name = Base; path = Base.lproj/Main.storyboard; sourceTree = "<group>"; };
		AA851CAE1C87D2C500A80595 /* Assets.xcassets */ = {isa = PBXFileReference; lastKnownFileType = folder.assetcatalog; path = Assets.xcassets; sourceTree = "<group>"; };
		AA851CB11C87D2C500A80595 /* Base */ = {isa = PBXFileReference; lastKnownFileType = file.storyboard; name = Base; path = Base.lproj/LaunchScreen.storyboard; sourceTree = "<group>"; };
		AA851CB31C87D2C500A80595 /* Info.plist */ = {isa = PBXFileReference; lastKnownFileType = text.plist.xml; path = Info.plist; sourceTree = "<group>"; };
/* End PBXFileReference section */

/* Begin PBXFrameworksBuildPhase section */
		AA851CA11C87D2C500A80595 /* Frameworks */ = {
			isa = PBXFrameworksBuildPhase;
			buildActionMask = 2147483647;
			files = (
			);
			runOnlyForDeploymentPostprocessing = 0;
		};
/* End PBXFrameworksBuildPhase section */

/* Begin PBXGroup section */
		AA851C9B1C87D2C500A80595 = {
			isa = PBXGroup;
			children = (
				AA851CA61C87D2C500A80595 /* segues */,
				AA851CA51C87D2C500A80595 /* Products */,
			);
			sourceTree = "<group>";
		};
		AA851CA51C87D2C500A80595 /* Products */ = {
			isa = PBXGroup;
			children = (
				AA851CA41C87D2C500A80595 /* segues.app */,
			);
			name = Products;
			sourceTree = "<group>";
		};
		AA851CA61C87D2C500A80595 /* segues */ = {
			isa = PBXGroup;
			children = (
				AA851CA71C87D2C500A80595 /* AppDelegate.swift */,
				AA851CA91C87D2C500A80595 /* ViewController.swift */,
				AA851CAB1C87D2C500A80595 /* Main.storyboard */,
				AA851CAE1C87D2C500A80595 /* Assets.xcassets */,
				AA851CB01C87D2C500A80595 /* LaunchScreen.storyboard */,
				AA851CB31C87D2C500A80595 /* Info.plist */,
			);
			path = segues;
			sourceTree = "<group>";
		};
/* End PBXGroup section */

/* Begin PBXNativeTarget section */
		AA851CA31C87D2C500A80595 /* segues */ = {
			isa = PBXNativeTarget;
			buildConfigurationList = AA851CB61C87D2C500A80595 /* Build configuration list for PBXNativeTarget "segues" */;
			buildPhases = (
				AA851CA01C87D2C500A80595 /* Sources */,
				AA851CA11C87D2C500A80595 /* Frameworks */,
				AA851CA21C87D2C500A80595 /* Resources */,
			);
			buildRules = (
			);
			dependencies = (
			);
			name = segues;
			productName = segues;
			productReference = AA851CA41C87D2C500A80595 /* segues.app */;
			productType = "com.apple.product-type.application";
		};
/* End PBXNativeTarget section */

/* Begin PBXProject section */
		AA851C9C1C87D2C500A80595 /* Project object */ = {
			isa = PBXProject;
			attributes = {
				LastSwiftUpdateCheck = 0720;
				LastUpgradeCheck = 0720;
				ORGANIZATIONNAME = hyunchan;
				TargetAttributes = {
					AA851CA31C87D2C500A80595 = {
						CreatedOnToolsVersion = 7.2.1;
					};
				};
			};
			buildConfigurationList = AA851C9F1C87D2C500A80595 /* Build configuration list for PBXProject "segues" */;
			compatibilityVersion = "Xcode 3.2";
			developmentRegion = English;
			hasScannedForEncodings = 0;
			knownRegions = (
				en,
				Base,
			);
			mainGroup = AA851C9B1C87D2C500A80595;
			productRefGroup = AA851CA51C87D2C500A80595 /* Products */;
			projectDirPath = "";
			projectRoot = "";
			targets = (
				AA851CA31C87D2C500A80595 /* segues */,
			);
		};
/* End PBXProject section */

/* Begin PBXResourcesBuildPhase section */
		AA851CA21C87D2C500A80595 /* Resources */ = {
			isa = PBXResourcesBuildPhase;
			buildActionMask = 2147483647;
			files = (
				AA851CB21C87D2C500A80595 /* LaunchScreen.storyboard in Resources */,
				AA851CAF1C87D2C500A80595 /* Assets.xcassets in Resources */,
				AA851CAD1C87D2C500A80595 /* Main.storyboard in Resources */,
			);
			runOnlyForDeploymentPostprocessing = 0;
		};
/* End PBXResourcesBuildPhase section */

/* Begin PBXSourcesBuildPhase section */
		AA851CA01C87D2C500A80595 /* Sources */ = {
			isa = PBXSourcesBuildPhase;
			buildActionMask = 2147483647;
			files = (
				AA851CAA1C87D2C500A80595 /* ViewController.swift in Sources */,
				AA851CA81C87D2C500A80595 /* AppDelegate.swift in Sources */,
			);
			runOnlyForDeploymentPostprocessing = 0;
		};
/* End PBXSourcesBuildPhase section */

/* Begin PBXVariantGroup section */
		AA851CAB1C87D2C500A80595 /* Main.storyboard */ = {
			isa = PBXVariantGroup;
			children = (
				AA851CAC1C87D2C500A80595 /* Base */,
			);
			name = Main.storyboard;
			sourceTree = "<group>";
		};
		AA851CB01C87D2C500A80595 /* LaunchScreen.storyboard */ = {
			isa = PBXVariantGroup;
			children = (
				AA851CB11C87D2C500A80595 /* Base */,
			);
			name = LaunchScreen.storyboard;
			sourceTree = "<group>";
		};
/* End PBXVariantGroup section */

/* Begin XCBuildConfiguration section */
		AA851CB41C87D2C500A80595 /* Debug */ = {
			isa = XCBuildConfiguration;
			buildSettings = {
				ALWAYS_SEARCH_USER_PATHS = NO;
				CLANG_CXX_LANGUAGE_STANDARD = "gnu++0x";
				CLANG_CXX_LIBRARY = "libc++";
				CLANG_ENABLE_MODULES = YES;
				CLANG_ENABLE_OBJC_ARC = YES;
				CLANG_WARN_BOOL_CONVERSION = YES;
				CLANG_WARN_CONSTANT_CONVERSION = YES;
				CLANG_WARN_DIRECT_OBJC_ISA_USAGE = YES_ERROR;
				CLANG_WARN_EMPTY_BODY = YES;
				CLANG_WARN_ENUM_CONVERSION = YES;
				CLANG_WARN_INT_CONVERSION = YES;
				CLANG_WARN_OBJC_ROOT_CLASS = YES_ERROR;
				CLANG_WARN_UNREACHABLE_CODE = YES;
				CLANG_WARN__DUPLICATE_METHOD_MATCH = YES;
				"CODE_SIGN_IDENTITY[sdk=iphoneos*]" = "iPhone Developer";
				COPY_PHASE_STRIP = NO;
				DEBUG_INFORMATION_FORMAT = dwarf;
				ENABLE_STRICT_OBJC_MSGSEND = YES;
				ENABLE_TESTABILITY = YES;
				GCC_C_LANGUAGE_STANDARD = gnu99;
				GCC_DYNAMIC_NO_PIC = NO;
				GCC_NO_COMMON_BLOCKS = YES;
				GCC_OPTIMIZATION_LEVEL = 0;
				GCC_PREPROCESSOR_DEFINITIONS = (
					"DEBUG=1",
					"$(inherited)",
				);
				GCC_WARN_64_TO_32_BIT_CONVERSION = YES;
				GCC_WARN_ABOUT_RETURN_TYPE = YES_ERROR;
				GCC_WARN_UNDECLARED_SELECTOR = YES;
				GCC_WARN_UNINITIALIZED_AUTOS = YES_AGGRESSIVE;
				GCC_WARN_UNUSED_FUNCTION = YES;
				GCC_WARN_UNUSED_VARIABLE = YES;
				IPHONEOS_DEPLOYMENT_TARGET = 9.2;
				MTL_ENABLE_DEBUG_INFO = YES;
				ONLY_ACTIVE_ARCH = YES;
				SDKROOT = iphoneos;
				SWIFT_OPTIMIZATION_LEVEL = "-Onone";
				TARGETED_DEVICE_FAMILY = "1,2";
			};
			name = Debug;
		};
		AA851CB51C87D2C500A80595 /* Release */ = {
			isa = XCBuildConfiguration;
			buildSettings = {
				ALWAYS_SEARCH_USER_PATHS = NO;
				CLANG_CXX_LANGUAGE_STANDARD = "gnu++0x";
				CLANG_CXX_LIBRARY = "libc++";
				CLANG_ENABLE_MODULES = YES;
				CLANG_ENABLE_OBJC_ARC = YES;
				CLANG_WARN_BOOL_CONVERSION = YES;
				CLANG_WARN_CONSTANT_CONVERSION = YES;
				CLANG_WARN_DIRECT_OBJC_ISA_USAGE = YES_ERROR;
				CLANG_WARN_EMPTY_BODY = YES;
				CLANG_WARN_ENUM_CONVERSION = YES;
				CLANG_WARN_INT_CONVERSION = YES;
				CLANG_WARN_OBJC_ROOT_CLASS = YES_ERROR;
				CLANG_WARN_UNREACHABLE_CODE = YES;
				CLANG_WARN__DUPLICATE_METHOD_MATCH = YES;
				"CODE_SIGN_IDENTITY[sdk=iphoneos*]" = "iPhone Developer";
				COPY_PHASE_STRIP = NO;
				DEBUG_INFORMATION_FORMAT = "dwarf-with-dsym";
				ENABLE_NS_ASSERTIONS = NO;
				ENABLE_STRICT_OBJC_MSGSEND = YES;
				GCC_C_LANGUAGE_STANDARD = gnu99;
				GCC_NO_COMMON_BLOCKS = YES;
				GCC_WARN_64_TO_32_BIT_CONVERSION = YES;
				GCC_WARN_ABOUT_RETURN_TYPE = YES_ERROR;
				GCC_WARN_UNDECLARED_SELECTOR = YES;
				GCC_WARN_UNINITIALIZED_AUTOS = YES_AGGRESSIVE;
				GCC_WARN_UNUSED_FUNCTION = YES;
				GCC_WARN_UNUSED_VARIABLE = YES;
				IPHONEOS_DEPLOYMENT_TARGET = 9.2;
				MTL_ENABLE_DEBUG_INFO = NO;
				SDKROOT = iphoneos;
				TARGETED_DEVICE_FAMILY = "1,2";
				VALIDATE_PRODUCT = YES;
			};
			name = Release;
		};
		AA851CB71C87D2C500A80595 /* Debug */ = {
			isa = XCBuildConfiguration;
			buildSettings = {
				ASSETCATALOG_COMPILER_APPICON_NAME = AppIcon;
				INFOPLIST_FILE = segues/Info.plist;
				LD_RUNPATH_SEARCH_PATHS = "$(inherited) @executable_path/Frameworks";
				PRODUCT_BUNDLE_IDENTIFIER = com.hyunchan.segues;
				PRODUCT_NAME = "$(TARGET_NAME)";
			};
			name = Debug;
		};
		AA851CB81C87D2C500A80595 /* Release */ = {
			isa = XCBuildConfiguration;
			buildSettings = {
				ASSETCATALOG_COMPILER_APPICON_NAME = AppIcon;
				INFOPLIST_FILE = segues/Info.plist;
				LD_RUNPATH_SEARCH_PATHS = "$(inherited) @executable_path/Frameworks";
				PRODUCT_BUNDLE_IDENTIFIER = com.hyunchan.segues;
				PRODUCT_NAME = "$(TARGET_NAME)";
			};
			name = Release;
		};
/* End XCBuildConfiguration section */

/* Begin XCConfigurationList section */
		AA851C9F1C87D2C500A80595 /* Build configuration list for PBXProject "segues" */ = {
			isa = XCConfigurationList;
			buildConfigurations = (
				AA851CB41C87D2C500A80595 /* Debug */,
				AA851CB51C87D2C500A80595 /* Release */,
			);
			defaultConfigurationIsVisible = 0;
			defaultConfigurationName = Release;
		};
		AA851CB61C87D2C500A80595 /* Build configuration list for PBXNativeTarget "segues" */ = {
			isa = XCConfigurationList;
			buildConfigurations = (
				AA851CB71C87D2C500A80595 /* Debug */,
				AA851CB81C87D2C500A80595 /* Release */,
			);
			defaultConfigurationIsVisible = 0;
		};
/* End XCConfigurationList section */
	};
	rootObject = AA851C9C1C87D2C500A80595 /* Project object */;
}
